version: 1
checksums:
  55dc377b5e931bfc64e4add83e35d9ea:
    privacy/title: 7459744a63ef8af4e517a09024bd7c08
    privacy/intro: 0df24ede30a0aed0f003669f0621d098
    privacy/agreement: 0400dd5b31d769e277c140066c3ddf49
    privacy/infoCollectionTitle: c8895411f6cfb24b8f4f2e1478aa40c2
    privacy/infoCollectionIntro: 4c5f917148c70e0af55f143dbffb9183
    privacy/infoCollectionList/0/title: c33bf4464d8553cf1b59a91951cf8cc7
    privacy/infoCollectionList/0/description: 61540497cb00e9b451aac005b8dbf15d
    privacy/infoCollectionList/1/title: 1f6e3b883a155a6b7f489429858e4b0b
    privacy/infoCollectionList/1/description: d6fff4296a209bb93a707cf6d97300a0
    privacy/infoCollectionList/2/title: 76a4b51be40e6b7967de8937da853c0b
    privacy/infoCollectionList/2/description: 04a2e8d569adb635335a073cd4bbc219
    privacy/registrationInfoTitle: 92ed2e1a80e666e9da6c18218ff04e9d
    privacy/registrationInfoIntro: 9b8c5ef06f424ecf71df3411d6ecd8bc
    privacy/registrationInfoList/0: d9a233fafa8d9e9658f1143da07fd266
    privacy/registrationInfoList/1: a06371a90f5be2a0f4712d3a0ccd3842
    privacy/registrationInfoList/2: 4a451316d81fb5409f4a3513196b3532
    privacy/registrationInfoList/3: 2a1d8c51bd07310ea29347a89bfef38d
    privacy/registrationInfoList/4: 7ba4c6ed69a4b399feee22b4f287dafe
    privacy/registrationInfoList/5: f024252ad0408765534091b012d040cc
    privacy/registrationInfoList/6: 19cf6996755a3f8ba7722ac6194189d8
    privacy/registrationInfoList/7: 95d6896059ea6b058b74bc8a867fa753
    privacy/financialInfoTitle: ef0aae947f2e6d79a5c669a6f742df21
    privacy/financialInfoIntro: 5f4bf759426bb42d2c6d839ca420652c
    privacy/financialInfoList/0: 68966c86dc8d3e7b10e856751e7306e4
    privacy/financialInfoList/1: f572b3cc352904de16bd2389e1c84441
    privacy/financialInfoList/2: e5d686748e33a05a700b4d3d7c5ff06b
    privacy/financialInfoList/3: 0260ec23c4c6af636e35d82d8b963e7f
    privacy/employmentInfoTitle: 12e4f3fba8fc3b2c5aa4e68b41c027bb
    privacy/employmentInfoIntro: 958d93cefa9302a4c8a640f7459fabce
    privacy/employmentInfoList/0: 8e60b1984b356104bab0e825342ffa13
    privacy/employmentInfoList/1: a527622c68116dc749e224f2e5ac776b
    privacy/employmentInfoList/2: ae47254a4ae84c41b19df05da86a6ea6
    privacy/marketingInfoTitle: e7b6b3d590b14c57697bc6737f91a8af
    privacy/marketingInfoIntro: 47121e6995497ee00f9b5ece3cf9e92b
    privacy/marketingInfoList/0: 771410f98e47e20ed9916dc347a65b1a
    privacy/marketingInfoList/1: 68452704b52acc672f593fbf42d1a21c
    privacy/marketingInfoList/2: 0eb7fa999c5cbf7e18181cbdd5218552
    privacy/marketingInfoList/3: 069a2890b76e845e4a6eff80f45e3df8
    privacy/locationInfoTitle: 53fc244cb985806b345cdc525e076aa1
    privacy/locationInfoIntro: fb6391cde9f663b77d56605513a4db8f
    privacy/locationInfoList/0: 4584487c41d9136c833f55fcdc20cce4
    privacy/locationInfoList/1: 6c924d5fe52adb5d7de397200f8dec91
    privacy/locationInfoList/2: 6fc1291736289694fb1886bd452c5030
    privacy/locationInfoList/3: de40ddfbc88bb16a78b8dba39087d73e
    privacy/deviceInfoTitle: 8d6502ec634e69e1d6fc75639484d4a5
    privacy/deviceInfoIntro: d414f17db7181a6545b3f6e3533401b7
    privacy/deviceInfoList/0: 0568e5b646045bff92237182acb855ff
    privacy/deviceInfoList/1: ef2e4f32405cb1ee3e5997b09f378c12
    privacy/deviceInfoList/2: 6a29bc30b5ff3d467229194e697f3199
    privacy/deviceInfoList/3: 91f0375ba5e3ecd1578cea726954beca
    privacy/deviceInfoList/4: 6c8e6f4070a5a8291ecc3fa8c5a5f966
    privacy/deviceInfoList/5: 0cb3a033136783d319ca9315c486b63b
    privacy/deviceInfoList/6: 6887cfcde8c3451d2754412975c85381
    privacy/deviceInfoList/7: 5ec500a9a13e5907c41ec42aab8026a7
    privacy/deviceInfoList/8: 779ea7898e0de2bf9d13b689c4e5e64a
    privacy/deviceInfoList/9: 0a7baa6adf6d84083016f9f2a4fc5d43
    privacy/deviceInfoList/10: a1491de775dbf7f9c67116423dbdef0a
    privacy/deviceInfoList/11: 3d52e18662668cbc509546f461655a5f
    privacy/deviceInfoList/12: 91d61f67281391e4c24660e51210581b
    privacy/deviceInfoList/13: e0ddab1f51830ea5426e1cd3f7a6b743
    privacy/transactionInfoTitle: 49ef39dd044efc4bfb818f4ece811d74
    privacy/transactionInfoIntro: b2a67c5337dc48ffc8ce148c459dc8e5
    privacy/transactionInfoList/0: 0f567bef6a280da1b430e06714c06240
    privacy/transactionInfoList/1: 55bf56f3ab8fdbd7937d763ca2fcf59d
    privacy/transactionInfoList/2: cb66a2e529d83f9eeb4c22736eb3ca84
    privacy/transactionInfoList/3: da5e823005a10edcf3bbdcc7212ee001
    privacy/transactionInfoList/4: 532dac4002e5204d8da7b367cfb02e91
    privacy/transactionInfoList/5: 58e81cef6849d257757e13b7badde5c0
    privacy/transactionInfoList/6: b50f9e312efe0cd63fe53100f7705a4d
    privacy/transactionInfoList/7: 7455d18263dd66bc564b2e1a83985396
    privacy/thirdPartyInfoIntro: 4211ba73c3074cbe98474f907e92883a
    privacy/thirdPartyInfoList/0: 794290bb3919f85a9056578355f09b17
    privacy/thirdPartyInfoList/1: 901fc78e0ded0a7c7c4ecbe3cc22e760
    privacy/thirdPartyInfoList/2: fd24f7eeac5f57a1dfb717e8576b0aca
    privacy/thirdPartyInfoList/3: 075a4d6c61b7763291ec2d0c7b23be47
    privacy/thirdPartyInfoList/4: 124222dfdff6fec8b02836c4620fc4d3
    privacy/thirdPartyInfoList/5: 3c9464a485794273d0b35687ed429935
    privacy/thirdPartyInfoList/6: 281a8577fc294d1bf3d025f59cf17384
    privacy/aggregateInfoTitle: 1f8eeb7f9024aadcb058ee0f807a7918
    privacy/aggregateInfoIntro: 619d4a76c8b4d8ae90b235ed102bb111
    privacy/usageInfoTitle: 3a54c107888bc6e1cbd0bc9eceb0d079
    privacy/usageInfoIntro: 1d84ad3c2aca17e81a997d0128d56c5b
    privacy/usageInfoList/0: 79b939cfe78dc25b8ec2198856e02dc3
    privacy/usageInfoList/1: e0499c7297c22ee81f9968ab7a55c4ac
    privacy/usageInfoList/2: c663c8dd949a7bb890a3d295eccb5640
    privacy/usageInfoList/3: 86f9db6986c74955b3ab36d63c9d873c
    privacy/usageInfoList/4: de163ffdbd732f50dab17d42923b64ec
    privacy/usageInfoList/5: 0fbe9149dce304534ac49754f53da9d1
    privacy/nonPersonalInfoUsage: 2c00264b76c965bb26dcb56cf731f136
    privacy/disclosureInfoTitle: fc5553f553a0f05d6d2af171d8f62bc1
    privacy/disclosureInfoIntro: cd49cf1e8cb54c7420d0a5b89c1afcf8
    privacy/disclosureInfoList/0: f5e09953ce7f0aa921c0a65c1dd36d6f
    privacy/disclosureInfoList/1: f38d5d75bfbf64c6996c686eb92abce7
    privacy/disclosureInfoList/2: d1304090ae3459b28882834a35188576
    privacy/disclosureInfoList/3: 85a6a9fdacd78a6996f81b7aeb27f7cf
    privacy/disclosureInfoList/4: 9b8d04ad423f9a3b47bfb53686ccee5b
    privacy/disclosureInfoList/5: bd53d852531f59341762fcda2ef28a61
    privacy/transfersInfoTitle: ff5555ed6385cbb01c45c0f145f93799
    privacy/transfersInfoIntro: b4f47f59ecbc7af99c14ee55ce69ab97
    privacy/transfersInfoList/0: 4ad00928f0b0181f64f43ef2231fc638
    privacy/transfersInfo/adequateCountriesText: fc8050d847a67755b2d051583d98a1b0
    privacy/transfersInfo/nonAdequateTitle: 388d81f6d3566e8e9ee092458fe68b0f
    privacy/transfersInfo/nonAdequateText: 33ef12e5f6053d4d9db2dfb278c7f195
    privacy/transfersInfo/contactNote: 6cf913b83abf2251ba6544f40ec39f52
    privacy/rights/title: 585ec4c822474a8008a60649fc3fac56
    privacy/rights/intro: 40745d2fddf7d5de7c5047be04639355
    privacy/rights/list/0: 4cab81777a633d2580885eb66dea1456
    privacy/rights/list/1: 30f65a75cc667f45815c664c4647b88a
    privacy/rights/list/2: 6033ea88ba18a8ec2eeb49ce2a5f7f53
    privacy/rights/list/3: a0ad5d3b8d19a0fe961cbf885c0e5737
    privacy/rights/list/4: a40c3a25ef6fd853d2dbedaa36376ac6
    privacy/rights/list/5: 2fd2eb6d053d3029c333ae9845646e4e
    privacy/rights/exerciseNote: 92dd1071b6a8c25fc638edb68adb5ca6
    privacy/cookies/title: 13c46bb7dda3b5426383c6700ff51236
    privacy/cookies/intro: 2f68648dbac9f41228bba1458364b5a4
    privacy/cookies/deletionNote: 6d807ea2bfbf56c45c599dcf02089298
    privacy/analytics/title: 5e39a78b1ed1fcff244b8a43a0fc1843
    privacy/analytics/intro: 72ce50367733eaad5d0b0c626cad21ef
    privacy/analytics/dataCollection: 4f43ca3fd62abaab48059b56bb3a111c
    privacy/analytics/googleAnalytics: a895e1d79bfcfe9af71a810a47be919e
    privacy/analytics/cookieUsage: ef190b5ecc2158b3ffd1e54bc52dd2fd
    privacy/analytics/cookieInfo: adb4f86f8780b5413500aa185fc8cd64
    privacy/analytics/optOut: ac92bdf2ebad8305f3dd65a905b51aa6
    privacy/analytics/conversionTracking: 6ea0555efd128e86e0f099af2ad30eff
    privacy/communications/title: e6cc990096f5b494b6f7757b9d4be423
    privacy/communications/intro: 382a3faf353db363afb7f7f8ea753598
    privacy/communications/serviceConsent: 6c099d5be0d38b959bca64161e899edf
    privacy/communications/phoneConsent: 1dc6eb97aa8168dcebb357f40148b240
    privacy/communications/dataCharges: 54d6e4d458d09e3f4acb85ad04cbbe7b
    privacy/communications/materialUsage: 0826ca9d34b21e29caca25590384e4a3
    privacy/security/title: 4b34923fef858a2b9a4a914c3e822889
    privacy/security/description: b20f2e714d309d45d0023ce22c058ab0
    privacy/dataRetention/title: 6ac0f33e7744521be46f2529654be72f
    privacy/dataRetention/intro: ab0b2441f50876c977c1295e8efa2880
    privacy/dataRetention/list/0: 63831922d02370c51e365a4ce273eee2
    privacy/dataRetention/list/1: ad2d903d60524ea9e4d6908cb269eaf7
    privacy/children/title: 635f5931d6b2c9309d72b118de83e61a
    privacy/children/description: 2941b00a9006f309316a7e5fab26cccd
    privacy/otherServices/title: 05eeab7caa5bc3eb5a6d7a2d555a61e8
    privacy/otherServices/description: e4a331261aad75aeb024840e576def9d
    privacy/changes/title: 2be50cf1e04d35b23469be67577a650b
    privacy/changes/description: a745e35ac0339cd98ccd34eb20742c92
    privacy/optOut/title: 593c92b6024cc615a2627ee800a030bc
    privacy/optOut/description: 926946752afa695a7021e022f8f18f0b
    privacy/thirdParty/title: 69f6e2ee85a0a0e658a812e983c86406
    privacy/thirdParty/description: b9c025d0b4752098f0048369babee580
    privacy/contact/title: 9afa39bc47019ee6dec6c74b6273967c
    privacy/contact/description: ee4fcc64e1772fa92763c5f1913982c7
    privacy/effectiveDate/title: aab6741517742a24eb46f529ebb94bf6
    privacy/effectiveDate/description: 15c7751236388aa4a3b5181554322df1
