version: 1
checksums:
  55dc377b5e931bfc64e4add83e35d9ea:
    index/main-title: 8cd26f8ea0f423993776498f084f738c
    index/subtitle-header: 57cff118dd065b906365adc9509bdafe
    index/global-account-title: a175964a96da0285dad93504afe32a3c
    index/global-account-description: c0a08cae6e0a2dc70c9dd22fe71b7772
    index/earn-money-title: 78c2ea9be4485e0571a7411c3cfca65f
    index/earn-money-description: c911c93e03326aab834c533215946204
    index/teleport-money-title: a92154c752d08f4bc15eac6a76a13fda
    index/teleport-money-description: 075047de5dfd314f62326cfd0d48c8c9
    index/teleport-money-card1: 043c12dfa430b87de17c2309ee242073
    index/teleport-money-card2: 9e83d396809d21f79dd242d16d6dfbc6
    index/teleport-money-card3: 2774c3959ddbbdafe4d30fee04cfcd86
    index/pay-most-title: 6640b3959fe4831778cade08c1509358
    index/pay-most-description: e553fcc0e2a923f8110b130ed9e7b620
    index/smarter-card: e602250d5863470d07e87ff767ebb86e
    index/earn-up-title: 47d9c3d6cb5d89009805326af2860712
    index/earn-up-subtitle: bdbe28c46b33761a21afccb772a3b16b
    index/earn-up-description: 60d9833cc19e222b3385263ff4bbfad9
    index/your-moneyflap-title: e3365fd9d9166734fc7839140e3d6417
    index/your-moneyflap-slide1-title: cf1c4ef3c3d89850645a9d14be8b86c2
    index/your-moneyflap-slide1-description: 766ca86d85cb754348d555841d60d929
    index/your-moneyflap-slide2-title: e4476050ee38b9435d8d57e1c3325caf
    index/your-moneyflap-slide2-description: 1d93e8adfc463d0650eecaf81f8a22ac
    index/your-moneyflap-slide3-title: f8607591d61c1eacd84b14ee9202fe15
    index/your-moneyflap-slide3-description: 694e2ac799f6f6d7dd5b4a1a2e96a8d7
    index/your-moneyflap-slide4-title: b463d56301aa478418fac6f7963a8b1d
    index/your-moneyflap-slide4-description: d1d3aad1fbc93356559703c806ff8366
    index/your-moneyflap-slide5-title: cd8299c557d2f7708846bf621fb82001
    index/your-moneyflap-slide5-description: a94c854dd04642fa2942ab4cccc0c7fe
    index/your-moneyflap-slide6-title: 5ee2c18f85451b20325758eb2409f1b6
    index/your-moneyflap-slide6-description: 88365bdc09948178c4699e44a8bd1983
    index/your-moneyflap-slide7-title: beadd1741187fa30cf6dbad4c0989995
    index/your-moneyflap-slide7-description: 2d4382f3e48e80446a8fca821d8bd2cd
    index/real-time-title: 6a3425c8ade7e27c4e93af67a146a949
    index/real-time-spending-title: 73bdc21b133a3bc0f20cc0aff70ec77a
    index/real-time-spending-description: 73bdc21b133a3bc0f20cc0aff70ec77a
    index/connect-feel-title: b10c4127ccfedd842854264c8d5642f1
    index/connect-feel-description: 73fda3236061b9aca43eaaa4937215be
    index/fast-loans-title: 9c5dfd0dccd931d72943a416bcd685d0
    index/fast-loans-description: d464c919eba3dafdd6f38b7a9f9729be
    index/sims-too-title: 593bd5eacba46b0b56c6bd096707ed93
    index/sims-too-description: eb5265eaf48a18557c789a8db2a208fd
    index/take-security-title: 6f53dbf3e8dd3df9d7c00b230a6fc26f
    index/take-security-card1-title: abf1a2cfb1188bf4def7174f334bebbc
    index/take-security-card1-description: 12dd2765fb57c0e53232c1a6394681c5
    index/take-security-card2-title: 947d6f60353f2c71fc3327f6cc132038
    index/take-security-card2-description: 735b3ad38e7777caeecacb09f5dd1014
    index/take-security-card3-title: 900ac944ba4b3fd95e250339f87d5abc
    index/take-security-card3-description: e2c4299d14da0265f4ff35ef0f7aeeda
    index/take-security-card4-title: 573bd4ea9540599303a2e1a9a5c0a2e3
    index/take-security-card4-description: de00c571498484f934bcd4bf1b870789
    index/your-legacy-title: dae4266c0be37ad69f97cbca109d5d4a
    index/your-legacy-description: 029650a923149afaec263f1aaffc7c4c
    index/buttons/get-started: 1d5f030c4ec9c869e647ae060518b948
    index/buttons/see-our-coverage: ee6d21ab3d325a70f0b9475e87c6aaad
    index/buttons/available-soon: 2bbaf87f8cb94e2a1e3130d34cfdf4ea
    about/main-title: 7ed93e7bbfca42a405d61ea3c2791aae
    about/main-subtitle: 4cb3994d16a3e8b680b6378197798601
    about/description: 21dc79a6d8cafe8563ee5624346ace49
    about/leadership-title: 49f92831514ba76192e377f452907397
    about/leadership-description: 1b67d2b28cf51274ad35acdb3253bf1b
    about/trusted: 2f30f0e419c4906cb48884c792d03a5a
    about/buttons/get-started: 1d5f030c4ec9c869e647ae060518b948
    about/buttons/careers: 0c3de148ec7e5f5076feaf91f545eb3a
    pricing/main-title: 56f3b6af899f8be20fcef3c797ad54b9
    pricing/main-description: 124b5f80c7c74ed56bd724eebbdd51e5
    pricing/spending-card-title: a6816c1ebcf68e397299f5d6ae561d4f
    pricing/spending-card-general-title: b891e8f15579fc5d97bcaf3637f5ae59
    pricing/spending-card-general-op1: fbb07663f25b68df3d60fa1b5be05c93
    pricing/spending-card-general-op2: 76ec550174db1eb96dc23a8ee9c436f0
    pricing/spending-card-general-op3: 7a6b10ce81f016cea3813f9620cec008
    pricing/spending-card-general-op4: 4b6d287c1b2cedf0eaccc69598d2323f
    pricing/spending-card-money-title: 7af4c5864f374304e356ad2424958c01
    pricing/spending-card-money-op1: a1f604db2151e3043e28ec8ed721e912
    pricing/spending-card-money-op2: f02d902bcab297c4eb39a236ebf87acf
    pricing/spending-card-money-op3: 5159a2941297d9728bfa8e383652d8f5
    pricing/spending-card-money-op4: a18a3d292385ae434f6221b743e6fc9c
    pricing/spending-card-money-op5: 31d58849b24c8b7abd8405a7d7ae3680
    pricing/spending-card-send-money-title: 784233a35e3d0457c0d6c1efa0b1f21d
    pricing/spending-card-send-money-op1: 428497a5b20ed1249326491639b99c43
    pricing/spending-card-send-money-op2: 95bb07757d9cda87aafd48a9e18324ed
    pricing/spending-card-send-money-op3: 914492647ef333a98230e388e5eaa604
    pricing/spending-card-send-money-op4: 3320ecb8e8cd6917c49e4fd48f4ffb09
    pricing/spending-card-send-money-op5: 065d979b9bd554fc74e19af20e0ab957
    pricing/spending-card-reveiving-money-title: da63ce13124f4aa1f8674f0c43e0b366
    pricing/spending-card-reveiving-money-op1: 16d563d393b80044d14adda3e90a7194
    pricing/spending-card-reveiving-money-op2: deaa67f35193718016d5c9b7674f613f
    pricing/spending-card-reveiving-money-op3: 1ecbfd7546fb0a6ddb528fa61a93987a
    pricing/spending-card-reveiving-money-op4: b8955bfe5de07106f5e3654cb52dfb4b
    pricing/spending-card-paying-bills-title: 23e6a17a37c493a95f5e64bdeffd8051
    pricing/spending-card-paying-bills-op1: 317fbfac379f48bd163d97236c287089
    pricing/spending-card-yield-accounts-title: 9a2ceb0174f44f510492f47f58442629
    pricing/spending-card-yield-accounts-op1: 69103efe396e88d68ab748cdc96bc0ce
    pricing/spending-card-yield-accounts-op2: 03eae40d52e49f1bdc21982195460881
    pricing/spending-card-yield-accounts-op3: 3751a9c31bd36e1916554a8bbc25d56d
    pricing/spending-cards-title: e11232f2beb197d5c88e0300c55e19bc
    pricing/spending-cards-op1: 45eacf8b093dbf09fc3d407d0ae4cf65
    pricing/spending-cards-op2: b1aa094282c50c6a2b8bd8579eff6b62
    pricing/spending-cards-op3: 26cfd97b17a864c99a2a749ceb368cb7
    pricing/spending-cards-op4: e31d3292451e46c6e8d7ebe7be190b80
    pricing/spending-cards-op5: b92b03b3c31249cfb1197ef0238f2fc1
    pricing/spending-cards-op6: 3e37baf752a298f98c5c5002e69bcd92
    pricing/buttons/get-started: 1d5f030c4ec9c869e647ae060518b948
    pricing/buttons/explore-fees: 9731fbf1d0ead74b6ac15f8ce481cf7c
    pricing/txt/free: 0326365539c004f6088656f692602078
    pricing/txt/none: d163ad01ba50118a86047c8b73fbe922
    pricing/txt/from02: cbadb7ec76c951d101fa5528a735769c
    pricing/txt/from1: 502fdddf40546a3ada33bb603d4f7a17
    pricing/txt/from025: db6748621b8b6ebcda7fc7ba1515981a
    pricing/txt/from025USD: af5fcfb73b7eed1bfb40db20d632c2ff
    pricing/txt/015: de43064491c0f23bdd50a571b3bed5f1
    pricing/txt/2-6USD: 002b18c73df11a37d35f6d8785041f98
    pricing/txt/from0USD: 6ba75f087bd6a3df6bba589b0d5f71f5
    pricing/txt/3USD: ea9c03aa962116028241e02331131249
    mfusd/main-title: 28ec62f862b6ab0b53015866a9d7c0a0
    mfusd/main-subtitle: f395f4cd12f878e8997759a4c4ed6b9e
    mfusd/main-description: e934a60ea0ea8ec4ae1f35c238dd49b1
    mfusd/moneyflap-dollar-title: ba786292190c396e5b7921d3f0771c57
    mfusd/moneyflap-dollar-op1-title: 6e3132797516a5be11259e67c5acfe65
    mfusd/moneyflap-dollar-op1-description: 16d4cfd4c1c1292adc1dc37c10fa5367
    mfusd/moneyflap-dollar-op2-title: 4f820b0d3207b2cd06a4ec6e1a7c434f
    mfusd/moneyflap-dollar-op2-description: d68bb4a3af6b8c2f266c07228af06d42
    mfusd/moneyflap-dollar-op3-title: 53ea68a6657d342f83d62c31ed0feef8
    mfusd/moneyflap-dollar-op3-description: 4ceb07ad3b9e75da67fd46468bb99caa
    mfusd/moneyflap-dollar-op4-title: b7adb1f5871ef299a7fc736a81ca445a
    mfusd/moneyflap-dollar-op4-description: 6fef770e3bf290cafc9c3f35ab32da57
    mfusd/moneyflap-dollar-op5-title: 335d764d20d61bac8c5bfa68215812d9
    mfusd/moneyflap-dollar-op5-description: 95582cb421ba8a952e8708fca9a97e0e
    mfusd/moneyflap-dollar-op6-title: 62e01e868dd26271b9965e47706f2c40
    mfusd/moneyflap-dollar-op6-description: aa259b157e947cbd94ad5fab12520d1d
    mfusd/global-reach-title: 11ac232a6919923fe059fbd60ff0e9df
    mfusd/global-reach-description: 04b0855a06d49ca3ac27cf939331cab8
    mfusd/who-we-serve-title: 8050a4f9b3147579c7006f51de4ad99b
    mfusd/transparency-title: a659c71f02326b4a2a7c45c6ac58ebf0
    mfusd/transparency-description: 46525b9fefe7e9f1a9a25499444bcaf4
    mfusd/moneyflap-dollar-alternative-title: 15bdfddc9f36a9fc2c3c34316f5010e5
    mfusd/moneyflap-dollar-alternative-op1: 58ac090f52c3ee4b27cf8c7e0a3b7659
    mfusd/moneyflap-dollar-alternative-op2: 545f7c26984aed304b222fd190f935e6
    mfusd/moneyflap-dollar-alternative-op3: fef9fc8240ca5d591d5bb7b9991fc717
    mfusd/moneyflap-dollar-alternative-op4: c62ad20a8091e4492c8b93b4f369f5d8
    mfusd/mfusd-available-title: ce47520993be6c063ede872620a912bc
    mfusd/txt/get-in-touch: 35323605e31c113fd664486afc33f3eb
    mfusd/txt/available-soon: 2bbaf87f8cb94e2a1e3130d34cfdf4ea
    mfusd/txt/mfusd-transparency-page: b9d7c6248925a190bc1787d41348ecde
    navbar/about-us: 8f89131a66d4659be07cd5af2c7ea898
    navbar/security: 4b34923fef858a2b9a4a914c3e822889
    navbar/pricing: ce27f1aeacccc542a174c4b2bce022b0
    navbar/mfusd: 1d3eead0c64bfffc2b8edc974fa0a122
    navbar/help: 62712a1f2fcef75e399e9a9a9ddbd495
    navbar/get-started: 1d5f030c4ec9c869e647ae060518b948
    footer/company: 9e36d11fa82d1bd4563eef2abc4fcfba
    footer/about-us: 8f89131a66d4659be07cd5af2c7ea898
    footer/careers: 0c3de148ec7e5f5076feaf91f545eb3a
    footer/press: 717686be221d6387db5a07f368338200
    footer/ethics-sustainability: ebd3418094d4c199bd77ce9fbdbc9e68
    footer/for-business: d1ee11a5895641c912aaed79306c0d3f
    footer/resources: ec7fb05ed963bb6781a35782b3475502
    footer/help: 73b806a0915ba3692c0ebc9361533f02
    footer/security: b12b61b06836646e1de60c87a3616e0b
    footer/fraud-protection: 2f4d6bea87d1c421d6e32c2c8209e272
    footer/system-status: 8e43ad3eef22915121d711ea3c1cc9fe
    footer/KYC%2FAML-program: 309de66eeabe7da6151a86b81f003feb
    footer/privacy: 7459744a63ef8af4e517a09024bd7c08
    footer/terms: 5add91f519e39025708e54a7eb7a9fc5
    footer/licenses: e1dba6d5a1048ff844ba6a705f80ac8e
    footer/copyright: d53d43ab6f58798383225983dec573a2
    careers/main-title: 0c3de148ec7e5f5076feaf91f545eb3a
    careers/main-subtitle: faf4f8c270594e34f214c4ac109cc7ac
    careers/main-description1: fd1a2f218186b162c80995ccf7f8ad25
    careers/main-description2: 49cffda2d60bc930279dd5d22aeb32e9
    careers/open-positions-title: 6994d0cf5e6b172643660cfabc79eb35
    careers/open-positions-description: d8ae9dd8b3a221b31e15281113da8370
    careers/benefits-title: 9ac96243a0d35d629bc68184dba4f45e
    careers/timeoff-op1-title: 6bab7b17340be9a38f20ded4fc255de9
    careers/timeoff-op1-description: c46dfc595b8fccf90f8118f27470d95a
    careers/timeoff-op2-title: e7682b0670729be3f27f5919d09da8d0
    careers/timeoff-op2-description: f5ea05b3b6ee365deee684bab7d0370b
    careers/timeoff-op3-title: d289f01738402bf0fcc0b6cd67522371
    careers/timeoff-op3-description: 008f726ed955711c93f3d80f47e2dbda
    careers/timeoff-op4-title: e1795f8cb624daac9306433a0fbf1bb6
    careers/timeoff-op4-description: 6fd6eda8acebcbb5e7b75c89d2d1fef6
    careers/core-values-title: d504a474109a867e2f60d2530be3f4a7
    careers/core-values-description: 7e013529894351e5690ffe9b6bd21f57
    careers/core-values-op1-title: 5a8d0bb3627f8c86d661394d10471639
    careers/core-values-op1-description: 17ed29c0a06bb7e1467b7badf04d662a
    careers/core-values-op2-title: a659c71f02326b4a2a7c45c6ac58ebf0
    careers/core-values-op2-description: a2657ae45010043fba779c5da493a960
    careers/core-values-op3-title: 523a70bad6bb4acda7939d7be3b06442
    careers/core-values-op3-description: 614c55976c4383df6d7261d2fb84f5ec
    careers/core-values-op4-title: a00f8e7231167776e6a0084f5262d9bd
    careers/core-values-op4-description: 654f73d5403b5bb2f157e883d3858354
    careers/core-values-op5-title: 36cd7679f72b71ac64238c949d434482
    careers/core-values-op5-description: c0c535129cd59a2f11da1fd535d1f5d7
    careers/core-values-op6-title: 570723a8d1f14c7303bd68aaec9d35ef
    careers/core-values-op6-description: b0285f7f6a79eb3491f5d4d3c85ea296
    careers/txt/join: 24e1fa847e2797e5e3141ea84f0ec038
    careers/txt/view-roles: f6f2d18f557ee1bfe94f71bb9fd439d1
    careers/txt/phrase1: f767ebf2434714ea946231d67773240c
    press/main-title: a476d63abc9810a3982b7879e70a5541
    press/main-description: 86ad6ab335bb4198a75a42d314d07d43
    press/main-subtitle: 02e3455b87c65ed3629f8bae6d555e41
    press/main-subtitle-description: b6efd3863e60be6c85c7506848429e81
    press/boilerplate-title: c37e78d7fb2729ce5ff46aeec45ba328
    press/boilerplate-description: 30568396e8509d34a62904bcf20aa75b
    press/founding-title: 69eb5a08ab28bb7ddd6829b57a4f8f7a
    press/founding-description: 925f108e01170b91b343a9a6f8f459c6
    press/founding-op1: d37b657cce2f6f45a092cbf43a2e9d30
    press/founding-op2: 19bd9a189b003ccafacee5e7b875ee6d
    press/founding-op3: 32cec89fb0b682aedea3494ebd56aabf
    press/founding-op4: b0110a58eac39d9a914aa0d467304764
    press/founding-op5: f3ef4774c6d75ee9b3aacde980453c6d
    press/founding-op6: 4850453cee4e7bb23264a99ef9b3eb27
    press/founding-op7: 8ef4ce0826cc8c6b10100c5117d4fe9e
    press/founding-op8: c5f799ad8fd7caab0d6ea8b51570c9bf
    press/founding-credits: 2625476fed52589887d7058984ba06b1
    press/download-logo-title: c5a1b652b6d166a933d20c65c2935779
    press/download-logo-description: bb70c050a1e99dc079cc5d26e73acd79
    press/download-screenshots-title: 84c2209036f57dd0a0d57f316e4317f3
    press/download-screenshots-description: f335aa9360f5e2c8b0f746f682d33b53
    press/download-colors-title: 7b93b0583dd8b236bcc9fb66d46743b3
    press/download-colors-description: f335aa9360f5e2c8b0f746f682d33b53
    press/questions-title: dcd478397dc61871a3fffe6848899f49
    press/questions-description: 39358f0e2b930db802050ce684599fa6
    press/txt/download-full-set: 86e7f93ec86b18966610e9928226bf54
    press/txt/contact-press: 74b42dc892f8fb70bcd8c138f16f8838
    ethics/main-title: ebd3418094d4c199bd77ce9fbdbc9e68
    ethics/main-description: dd3868041213dfa193220f91eba4219d
    ethics/eco-friend-title: a8671874d663e8e9f957b47c4f9c6d63
    ethics/eco-friend-description: 430f85c845fc2d8beedbbe20bd214733
    ethics/lower-carbon-title: fbc5da519a3e594f30c185c75d547fa6
    ethics/lower-carbon-description: 9026e529eff8a47e5f3ab3042751cac9
    ethics/social-responsibility-title: b5d8dcb31b177b7695be4e61f56fc87b
    ethics/social-responsibility-description: 614a873e13e241b9ef84d5f11c54ae2f
    ethics/belief-philosophy-title: 07a62f1d4bd15b1b82266078061c953e
    ethics/belief-philosophy-description: 6b7fa203ddee7a588213d79dbb53f0f0
    ethics/clean-conscientious-title: 98016035a6f04f7a1fb00c39314a648e
    ethics/clean-conscientious-description: bfa05b09cf626c50c7b0f6751fc9c08b
    ethics/political-neutrality-title: f16a9dc563ea66f02d4996cca7a3a207
    ethics/political-neutrality-description: f96573ed9502e5c202469c5768c24ebb
    ethics/honest-tax-title: 08ef782ebf159ffdb416db9feff4ba50
    ethics/honest-tax-description: ee7ea4dc7cb5368dd2dd0584c9777e9b
    ethics/txt/invest-change: 1fdc2b11c8610f59a1af8b29f6623272
    bsa/main-title: 309de66eeabe7da6151a86b81f003feb
    bsa/policy-title: 9ac0297ded1eccf70380bb2b0a47d5cd
    bsa/policy-description: 071308ce1264f2868f68287c14186ca5
    bsa/compliance-title: 41778aa1e6d7ba7a13d911ae5d98d139
    bsa/compliance-description: 20cd9be935a8727202062857724dbd42
    bsa/checking-office-title: 5aacb65a211b6f0f41f0d605c1c18f0d
    bsa/checking-office-description: bb6180acea60acf6f88bbe3995123af1
    bsa/customer-identification-title: 080db0ef5d1faafb1df2b8b31be7635c
    bsa/customer-identification-description: 5e5b39af4ea39d37305797e465bfa789
    bsa/customer-due-title: 36c858a1a61ef091be3088010702628e
    bsa/customer-due-description: c5c1063601673345aa3c1e4a56059cfc
    bsa/customer-due-op1-title: c959179622b6859d8c55bb2a601311c8
    bsa/customer-due-op2-title: 6b13c8610c419ecd2ffcdce197f76c8c
    bsa/customer-due-op3-title: a315eb031998519b801893735725b11c
    bsa/customer-due-op4-title: 5f30fec9de28bb77976dc7860ae129f0
    bsa/customer-due-op5-title: 09fd157d9bc51dce7cb22731a262658c
    bsa/customer-due-op6-title: 953a5f4c3f76b5910207a04948f6b46c
    bsa/customer-due-op7-title: 31ac88f251a836275144446e2e5775fb
    bsa/customer-due-note: 69eeeb5b58eba23c75e4a60178420326
    bsa/monitoring-accounts-title: f3443ee8e2a3639305e1954a78509413
    bsa/monitoring-accounts-description: e1ded44144561b20785e36ddc2d7a028
    bsa/suspicious-activity-title: adb6284f22258519fca9cf30aef44034
    bsa/suspicious-activity-description: 362bd2687a4a7833781df467890bf223
    bsa/aml-title: c6b9fccfd26feda7b259a30aae1821a6
    bsa/aml-description: 2f0881f1b3a5546f7090b14639df034e
    bsa/training-title: 3d18ef2136eca96bd6f4cae8f75b2043
    bsa/training-description: d68a0c26bfc6ae47a2b8165be741bf00
    bsa/program-test-title: 0f43b840cf6174bfa7714050cfbe7986
    bsa/program-test-description: 6a905f6ef0d276fb01c6a7cd9fab81e9
    bsa/monitoring-title: d1785bdfd8026c44844f4213b52456b2
    bsa/monitoring-description: 004454c0945b5c360f5535d534f127bb
    fraud/main-title: 2f4d6bea87d1c421d6e32c2c8209e272
    fraud/main-description: a427a742255c3d70afccbbf6b2a0c028
    fraud/how-protect-users-title: f9e291c545fc1956bd9f5d0918110b89
    fraud/how-protect-users-op1-title: c7deb9b53cbb07ef435cacc7e532f69a
    fraud/how-protect-users-op1-description: 6fcd966ceac5849aa70d5ecc7c775b5a
    fraud/how-protect-users-op2-title: da8cf176af7887d9a5c1bc37761c8cf5
    fraud/how-protect-users-op2-description: 4f9fd158e13b1500c277dd2592b3c245
    fraud/how-protect-users-op3-title: ea8bff0cebc7a4f298321762428758db
    fraud/how-protect-users-op3-description: b5199491fd0c029967e4ce05160599f7
    fraud/how-protect-users-op4-title: 00fe87dbf7441c9442f8deba459b209a
    fraud/how-protect-users-op4-description: 239e8f536c1bad12cef6d74efad52e3a
    fraud/how-protect-users-op5-title: 99eb2e3e119a6303d495faf7eb9683e8
    fraud/how-protect-users-op5-description: e4fa86b24d173da9c0e50780362b24c8
    fraud/how-protect-users-op6-title: 70097689f7c2d4eef1cb3360cf0a0d67
    fraud/how-protect-users-op6-description: 1ff25aeb94e82313a389ca8fb089858d
    fraud/how-protect-users-op7-title: 3fa50cabb37ee8c9e8d9800931626ba8
    fraud/how-protect-users-op7-description: d7d9ace1a9a15d121a2d76b767b807ad
    fraud/how-protect-yourself-title: e00032f79dd653e6dcde935e36ae7290
    fraud/how-protect-yourself-description: 1ea472a88ade07c792bf811d8736bba8
    fraud/how-protect-yourself-op1-title: 10f0c8887a68f89f92217983b0bf5b4a
    fraud/how-protect-yourself-op2-title: 69b80af9519cf9face806411ddebaab1
    fraud/how-protect-yourself-op3-title: 3fb928aa1f52deec5837a363636f057a
    fraud/how-protect-yourself-op4-title: 00b0271b33225af0c85a5ce8a2e3bbc3
    fraud/support-team-title: 6e771e5a5d157dba4d1deccbfec4cbcd
    fraud/support-team-op1-title: b2bb4d62f2fe7bd71a857ede2e253aa5
    fraud/support-team-op2-title: b359ff6f690b3d2b6aa82d9b2781d31f
    fraud/support-team-op3-title: 36103508d9f533dec75cdb6536c3091d
    fraud/support-team-op4-title: 0d3a2be2e659b2bd23f5995786da8f7c
    fraud/txt/protect-finances: 783c13239897c6ae81a93b347ee92c3f
    licenses/main-title: 67356536910aa6fec9fcb6e1f5f98ec2
    licenses/op1-title: 01033784ac6d942fb1c7d61bbe97d473
    licenses/op1-description: 0d05720814416046fad8b1f35875ed62
    licenses/op2-title: 045580723536a3e06a830b15e1103677
    licenses/op2-description: 144bf3a15dd13e8fcaefc3c0249f6cf5
    licenses/op3-title: 2676e7256bdd389b4a8cad6e233c04a3
    licenses/op3-description: bc0c85f0c2f8c124d253b6778dbc8856
    licenses/op4-title: 3d0876fb8b2eda10c0d420502dbaf16d
    licenses/op4-description: bf06e29682fd2b7e0b10afd38ffa2a66
    licenses/op5-title: 8ce46c05e996d8663fc30f3158e16230
    licenses/op5-description: 229214d33f817b650c5d37e5356975ae
    rev/main-title: 5fe74e4414f25118eb0e25ea390ddbb7
    rev/main-subtitle: 3d6f82e778157d00d0e12bb218f7a3dc
    rev/main-description: c80faf7955ed59399d59b78e2d373dc1
    rev/global-title: 5ac883bde4e2f109fb5c4ba7fd62a8cd
    rev/global-op1-title: 207031dec5ffee86d59159de15e58fd1
    rev/global-op1-description: c5f6b80cf11222e268f2eea2d2e31038
    rev/global-op2-title: da9ff4f66b2028455b9126036a53f293
    rev/global-op2-description: 14ad3c848119a3fb6f1b65daeeb837db
    rev/global-op3-title: 2ccd334cce64fa4cb7bd3714c6561ae1
    rev/global-op3-description: 7cb604e0335b0b87fb3ca38e89c5c31a
    rev/cards-title: f4972aff9b8c0cb594e0c640c6fd21ae
    rev/cards-description: 3227ef83de060704477a1bc2e071cfb8
    rev/expense-title: 4e778bce9170afbed3a01fdc71500db0
    rev/expense-description: a645e89ef2ddcf91255b3bc24552bef8
    rev/global-pay-title: c935e0cc60eed169079ff52c4ba38cb1
    rev/global-pay-description: b4c397fb1b1713e99c0911da7ed043d2
    rev/global-pay-in-title: 763183a39a7a746040dcb4cb1f01261b
    rev/global-pay-in-description: c8c9775f41cd3d86f79653b2d9eb6e73
    rev/accounts-title: 2c1824c4e1f02a4049d4cfc85738be55
    rev/accounts-description: 39305124468e62ae60653b9e923939ed
    rev/accounts-receivable-title: d194dd07906a225be20be9d19bed1a53
    rev/accounts-receivable-description: 39305124468e62ae60653b9e923939ed
    rev/accounts-card1-title: f759b177eb17e531f08b2ace972d7f75
    rev/accounts-card1-description: 6d343b59a9dc4ed9119f562a5afb85e8
    rev/accounts-card2-title: 9dfd957c3397d07c1a669142c2a828f0
    rev/accounts-card2-description: 52bb07e2ec8625c234bb5876bda9667b
    rev/accounts-card3-title: c2bde9837c7bcb0c592156110800ad01
    rev/accounts-card3-description: 0ffca11393e58b8384ddcba282e1e244
    rev/designed-title: 34e389f506997a1a0b9f902ba91696d6
    rev/designed-description: db48547a1995881cf91418470938cd62
    rev/footer-op1-title: a02f33d3e4532e09843b1b31d54a03bb
    rev/footer-op2-title: 8c70d3aee8fb57a61076622e7eabd1f0
    rev/footer-op3-title: 28c511d36627d9df97067c6c2fe0ce97
    rev/footer-op4-title: bfb794f98735bf31ddbe1777a456e3a9
    rev/footer-op5-title: f77f0af88f36fe9ef8281c3905349692
    rev/footer-op6-title: ef851cf0dff462cd122e9434528293ea
    rev/footer-op7-title: 8e9c97efef38b5e2c86d1caceea80b16
    rev/footer-op8-title: 86f081706323c52f98b9558cdfb12638
    rev/footer-op9-title: 1d77f46238674b5f4a1a11c4efd3226c
    rev/footer-op10-title: cf7bce9dd65c10aecaf53f77f51dcd4c
    rev/footer-op11-title: 024ce23342c5c8f526759371991fe390
    rev/txt/join-waitlist: 170dc60e8427e47999c00c4921364429
