version: 1
checksums:
  55dc377b5e931bfc64e4add83e35d9ea:
    index/main-title: 8cd26f8ea0f423993776498f084f738c
    index/subtitle-header: 57cff118dd065b906365adc9509bdafe
    index/global-account-title: a175964a96da0285dad93504afe32a3c
    index/global-account-description: c0a08cae6e0a2dc70c9dd22fe71b7772
    index/earn-money-title: 78c2ea9be4485e0571a7411c3cfca65f
    index/earn-money-description: c911c93e03326aab834c533215946204
    index/teleport-money-title: a92154c752d08f4bc15eac6a76a13fda
    index/teleport-money-description: 075047de5dfd314f62326cfd0d48c8c9
    index/teleport-money-card1: 043c12dfa430b87de17c2309ee242073
    index/teleport-money-card2: 9e83d396809d21f79dd242d16d6dfbc6
    index/teleport-money-card3: 2774c3959ddbbdafe4d30fee04cfcd86
    index/pay-most-title: 6640b3959fe4831778cade08c1509358
    index/pay-most-description: e553fcc0e2a923f8110b130ed9e7b620
    index/smarter-card: e602250d5863470d07e87ff767ebb86e
    index/earn-up-title: 47d9c3d6cb5d89009805326af2860712
    index/earn-up-subtitle: bdbe28c46b33761a21afccb772a3b16b
    index/earn-up-description: 60d9833cc19e222b3385263ff4bbfad9
    index/your-moneyflap-title: e3365fd9d9166734fc7839140e3d6417
    index/your-moneyflap-slide1-title: cf1c4ef3c3d89850645a9d14be8b86c2
    index/your-moneyflap-slide1-description: 766ca86d85cb754348d555841d60d929
    index/your-moneyflap-slide2-title: e4476050ee38b9435d8d57e1c3325caf
    index/your-moneyflap-slide2-description: 1d93e8adfc463d0650eecaf81f8a22ac
    index/your-moneyflap-slide3-title: f8607591d61c1eacd84b14ee9202fe15
    index/your-moneyflap-slide3-description: 694e2ac799f6f6d7dd5b4a1a2e96a8d7
    index/your-moneyflap-slide4-title: b463d56301aa478418fac6f7963a8b1d
    index/your-moneyflap-slide4-description: d1d3aad1fbc93356559703c806ff8366
    index/your-moneyflap-slide5-title: cd8299c557d2f7708846bf621fb82001
    index/your-moneyflap-slide5-description: a94c854dd04642fa2942ab4cccc0c7fe
    index/your-moneyflap-slide6-title: 5ee2c18f85451b20325758eb2409f1b6
    index/your-moneyflap-slide6-description: 88365bdc09948178c4699e44a8bd1983
    index/your-moneyflap-slide7-title: beadd1741187fa30cf6dbad4c0989995
    index/your-moneyflap-slide7-description: 2d4382f3e48e80446a8fca821d8bd2cd
    index/real-time-title: 6a3425c8ade7e27c4e93af67a146a949
    index/real-time-spending-title: 73bdc21b133a3bc0f20cc0aff70ec77a
    index/real-time-spending-description: 73bdc21b133a3bc0f20cc0aff70ec77a
    index/connect-feel-title: b10c4127ccfedd842854264c8d5642f1
    index/connect-feel-description: 73fda3236061b9aca43eaaa4937215be
    index/fast-loans-title: 9c5dfd0dccd931d72943a416bcd685d0
    index/fast-loans-description: d464c919eba3dafdd6f38b7a9f9729be
    index/sims-too-title: 593bd5eacba46b0b56c6bd096707ed93
    index/sims-too-description: eb5265eaf48a18557c789a8db2a208fd
    index/take-security-title: 6f53dbf3e8dd3df9d7c00b230a6fc26f
    index/take-security-card1-title: abf1a2cfb1188bf4def7174f334bebbc
    index/take-security-card1-description: 12dd2765fb57c0e53232c1a6394681c5
    index/take-security-card2-title: 947d6f60353f2c71fc3327f6cc132038
    index/take-security-card2-description: 735b3ad38e7777caeecacb09f5dd1014
    index/take-security-card3-title: 900ac944ba4b3fd95e250339f87d5abc
    index/take-security-card3-description: e2c4299d14da0265f4ff35ef0f7aeeda
    index/take-security-card4-title: 573bd4ea9540599303a2e1a9a5c0a2e3
    index/take-security-card4-description: de00c571498484f934bcd4bf1b870789
    index/your-legacy-title: dae4266c0be37ad69f97cbca109d5d4a
    index/your-legacy-description: 029650a923149afaec263f1aaffc7c4c
    index/buttons/get-started: 1d5f030c4ec9c869e647ae060518b948
    index/buttons/see-our-coverage: ee6d21ab3d325a70f0b9475e87c6aaad
    index/buttons/available-soon: 2bbaf87f8cb94e2a1e3130d34cfdf4ea
    about/main-title: 7ed93e7bbfca42a405d61ea3c2791aae
    about/main-subtitle: 4cb3994d16a3e8b680b6378197798601
    about/description: 21dc79a6d8cafe8563ee5624346ace49
    about/leadership-title: 49f92831514ba76192e377f452907397
    about/leadership-description: 1b67d2b28cf51274ad35acdb3253bf1b
    about/trusted: 2f30f0e419c4906cb48884c792d03a5a
    about/buttons/get-started: 1d5f030c4ec9c869e647ae060518b948
    about/buttons/careers: 0c3de148ec7e5f5076feaf91f545eb3a
    pricing/main-title: 56f3b6af899f8be20fcef3c797ad54b9
    pricing/main-description: 124b5f80c7c74ed56bd724eebbdd51e5
    pricing/spending-card-title: a6816c1ebcf68e397299f5d6ae561d4f
    pricing/spending-card-general-title: b891e8f15579fc5d97bcaf3637f5ae59
    pricing/spending-card-general-op1: fbb07663f25b68df3d60fa1b5be05c93
    pricing/spending-card-general-op2: 76ec550174db1eb96dc23a8ee9c436f0
    pricing/spending-card-general-op3: 7a6b10ce81f016cea3813f9620cec008
    pricing/spending-card-general-op4: 4b6d287c1b2cedf0eaccc69598d2323f
    pricing/spending-card-money-title: 7af4c5864f374304e356ad2424958c01
    pricing/spending-card-money-op1: a1f604db2151e3043e28ec8ed721e912
    pricing/spending-card-money-op2: f02d902bcab297c4eb39a236ebf87acf
    pricing/spending-card-money-op3: 5159a2941297d9728bfa8e383652d8f5
    pricing/spending-card-money-op4: a18a3d292385ae434f6221b743e6fc9c
    pricing/spending-card-money-op5: 31d58849b24c8b7abd8405a7d7ae3680
    pricing/spending-card-send-money-title: 784233a35e3d0457c0d6c1efa0b1f21d
    pricing/spending-card-send-money-op1: 428497a5b20ed1249326491639b99c43
    pricing/spending-card-send-money-op2: 95bb07757d9cda87aafd48a9e18324ed
    pricing/spending-card-send-money-op3: 914492647ef333a98230e388e5eaa604
    pricing/spending-card-send-money-op4: 3320ecb8e8cd6917c49e4fd48f4ffb09
    pricing/spending-card-send-money-op5: 065d979b9bd554fc74e19af20e0ab957
    pricing/spending-card-reveiving-money-title: da63ce13124f4aa1f8674f0c43e0b366
    pricing/spending-card-reveiving-money-op1: 16d563d393b80044d14adda3e90a7194
    pricing/spending-card-reveiving-money-op2: deaa67f35193718016d5c9b7674f613f
    pricing/spending-card-reveiving-money-op3: 1ecbfd7546fb0a6ddb528fa61a93987a
    pricing/spending-card-reveiving-money-op4: b8955bfe5de07106f5e3654cb52dfb4b
    pricing/spending-card-paying-bills-title: 23e6a17a37c493a95f5e64bdeffd8051
    pricing/spending-card-paying-bills-op1: 317fbfac379f48bd163d97236c287089
    pricing/spending-card-yield-accounts-title: 9a2ceb0174f44f510492f47f58442629
    pricing/spending-card-yield-accounts-op1: 69103efe396e88d68ab748cdc96bc0ce
    pricing/spending-card-yield-accounts-op2: 03eae40d52e49f1bdc21982195460881
    pricing/spending-card-yield-accounts-op3: 3751a9c31bd36e1916554a8bbc25d56d
    pricing/spending-cards-title: e11232f2beb197d5c88e0300c55e19bc
    pricing/spending-cards-op1: 45eacf8b093dbf09fc3d407d0ae4cf65
    pricing/spending-cards-op2: b1aa094282c50c6a2b8bd8579eff6b62
    pricing/spending-cards-op3: 26cfd97b17a864c99a2a749ceb368cb7
    pricing/spending-cards-op4: e31d3292451e46c6e8d7ebe7be190b80
    pricing/spending-cards-op5: b92b03b3c31249cfb1197ef0238f2fc1
    pricing/spending-cards-op6: 3e37baf752a298f98c5c5002e69bcd92
    pricing/buttons/get-started: 1d5f030c4ec9c869e647ae060518b948
    pricing/buttons/explore-fees: 9731fbf1d0ead74b6ac15f8ce481cf7c
    pricing/txt/free: 0326365539c004f6088656f692602078
    pricing/txt/none: d163ad01ba50118a86047c8b73fbe922
    pricing/txt/from02: cbadb7ec76c951d101fa5528a735769c
    pricing/txt/from1: 502fdddf40546a3ada33bb603d4f7a17
    pricing/txt/from025: db6748621b8b6ebcda7fc7ba1515981a
    pricing/txt/from025USD: af5fcfb73b7eed1bfb40db20d632c2ff
    pricing/txt/015: de43064491c0f23bdd50a571b3bed5f1
    pricing/txt/2-6USD: 002b18c73df11a37d35f6d8785041f98
    pricing/txt/from0USD: 6ba75f087bd6a3df6bba589b0d5f71f5
    pricing/txt/3USD: ea9c03aa962116028241e02331131249
    mfusd/main-title: 28ec62f862b6ab0b53015866a9d7c0a0
    mfusd/main-subtitle: f395f4cd12f878e8997759a4c4ed6b9e
    mfusd/main-description: e934a60ea0ea8ec4ae1f35c238dd49b1
    mfusd/moneyflap-dollar-title: ba786292190c396e5b7921d3f0771c57
    mfusd/moneyflap-dollar-op1-title: 6e3132797516a5be11259e67c5acfe65
    mfusd/moneyflap-dollar-op1-description: 16d4cfd4c1c1292adc1dc37c10fa5367
    mfusd/moneyflap-dollar-op2-title: 4f820b0d3207b2cd06a4ec6e1a7c434f
    mfusd/moneyflap-dollar-op2-description: d68bb4a3af6b8c2f266c07228af06d42
    mfusd/moneyflap-dollar-op3-title: 53ea68a6657d342f83d62c31ed0feef8
    mfusd/moneyflap-dollar-op3-description: 4ceb07ad3b9e75da67fd46468bb99caa
    mfusd/moneyflap-dollar-op4-title: b7adb1f5871ef299a7fc736a81ca445a
    mfusd/moneyflap-dollar-op4-description: 6fef770e3bf290cafc9c3f35ab32da57
    mfusd/moneyflap-dollar-op5-title: 335d764d20d61bac8c5bfa68215812d9
    mfusd/moneyflap-dollar-op5-description: 95582cb421ba8a952e8708fca9a97e0e
    mfusd/moneyflap-dollar-op6-title: 62e01e868dd26271b9965e47706f2c40
    mfusd/moneyflap-dollar-op6-description: aa259b157e947cbd94ad5fab12520d1d
    mfusd/global-reach-title: 11ac232a6919923fe059fbd60ff0e9df
    mfusd/global-reach-description: 04b0855a06d49ca3ac27cf939331cab8
    mfusd/who-we-serve-title: 8050a4f9b3147579c7006f51de4ad99b
    mfusd/transparency-title: a659c71f02326b4a2a7c45c6ac58ebf0
    mfusd/transparency-description: 46525b9fefe7e9f1a9a25499444bcaf4
    mfusd/moneyflap-dollar-alternative-title: 15bdfddc9f36a9fc2c3c34316f5010e5
    mfusd/moneyflap-dollar-alternative-op1: 58ac090f52c3ee4b27cf8c7e0a3b7659
    mfusd/moneyflap-dollar-alternative-op2: 545f7c26984aed304b222fd190f935e6
    mfusd/moneyflap-dollar-alternative-op3: fef9fc8240ca5d591d5bb7b9991fc717
    mfusd/moneyflap-dollar-alternative-op4: c62ad20a8091e4492c8b93b4f369f5d8
    mfusd/mfusd-available-title: ce47520993be6c063ede872620a912bc
    mfusd/txt/get-in-touch: 35323605e31c113fd664486afc33f3eb
    mfusd/txt/available-soon: 2bbaf87f8cb94e2a1e3130d34cfdf4ea
    mfusd/txt/mfusd-transparency-page: b9d7c6248925a190bc1787d41348ecde
    navbar/about-us: 8f89131a66d4659be07cd5af2c7ea898
    navbar/security: 4b34923fef858a2b9a4a914c3e822889
    navbar/pricing: ce27f1aeacccc542a174c4b2bce022b0
    navbar/mfusd: 1d3eead0c64bfffc2b8edc974fa0a122
    navbar/help: 62712a1f2fcef75e399e9a9a9ddbd495
    navbar/get-started: 1d5f030c4ec9c869e647ae060518b948
    footer/company: 9e36d11fa82d1bd4563eef2abc4fcfba
    footer/about-us: 8f89131a66d4659be07cd5af2c7ea898
    footer/careers: 0c3de148ec7e5f5076feaf91f545eb3a
    footer/press: 717686be221d6387db5a07f368338200
    footer/ethics-sustainability: ebd3418094d4c199bd77ce9fbdbc9e68
    footer/for-business: d1ee11a5895641c912aaed79306c0d3f
    footer/resources: ec7fb05ed963bb6781a35782b3475502
    footer/help: 73b806a0915ba3692c0ebc9361533f02
    footer/security: b12b61b06836646e1de60c87a3616e0b
    footer/fraud-protection: 2f4d6bea87d1c421d6e32c2c8209e272
    footer/system-status: 8e43ad3eef22915121d711ea3c1cc9fe
    footer/KYC%2FAML-program: 309de66eeabe7da6151a86b81f003feb
    footer/privacy: 7459744a63ef8af4e517a09024bd7c08
    footer/terms: 5add91f519e39025708e54a7eb7a9fc5
    footer/licenses: e1dba6d5a1048ff844ba6a705f80ac8e
    footer/copyright: d53d43ab6f58798383225983dec573a2
    careers/main-title: 0c3de148ec7e5f5076feaf91f545eb3a
    careers/main-subtitle: faf4f8c270594e34f214c4ac109cc7ac
    careers/main-description1: fd1a2f218186b162c80995ccf7f8ad25
    careers/main-description2: 49cffda2d60bc930279dd5d22aeb32e9
    careers/open-positions-title: 6994d0cf5e6b172643660cfabc79eb35
    careers/open-positions-description: d8ae9dd8b3a221b31e15281113da8370
    careers/benefits-title: 9ac96243a0d35d629bc68184dba4f45e
    careers/timeoff-op1-title: 6bab7b17340be9a38f20ded4fc255de9
    careers/timeoff-op1-description: c46dfc595b8fccf90f8118f27470d95a
    careers/timeoff-op2-title: e7682b0670729be3f27f5919d09da8d0
    careers/timeoff-op2-description: f5ea05b3b6ee365deee684bab7d0370b
    careers/timeoff-op3-title: d289f01738402bf0fcc0b6cd67522371
    careers/timeoff-op3-description: 008f726ed955711c93f3d80f47e2dbda
    careers/timeoff-op4-title: e1795f8cb624daac9306433a0fbf1bb6
    careers/timeoff-op4-description: 6fd6eda8acebcbb5e7b75c89d2d1fef6
    careers/core-values-title: d504a474109a867e2f60d2530be3f4a7
    careers/core-values-description: 7e013529894351e5690ffe9b6bd21f57
    careers/core-values-op1-title: 5a8d0bb3627f8c86d661394d10471639
    careers/core-values-op1-description: 17ed29c0a06bb7e1467b7badf04d662a
    careers/core-values-op2-title: a659c71f02326b4a2a7c45c6ac58ebf0
    careers/core-values-op2-description: a2657ae45010043fba779c5da493a960
    careers/core-values-op3-title: 523a70bad6bb4acda7939d7be3b06442
    careers/core-values-op3-description: 614c55976c4383df6d7261d2fb84f5ec
    careers/core-values-op4-title: a00f8e7231167776e6a0084f5262d9bd
    careers/core-values-op4-description: 654f73d5403b5bb2f157e883d3858354
    careers/core-values-op5-title: 36cd7679f72b71ac64238c949d434482
    careers/core-values-op5-description: c0c535129cd59a2f11da1fd535d1f5d7
    careers/core-values-op6-title: 570723a8d1f14c7303bd68aaec9d35ef
    careers/core-values-op6-description: b0285f7f6a79eb3491f5d4d3c85ea296
    careers/txt/join: 24e1fa847e2797e5e3141ea84f0ec038
    careers/txt/view-roles: f6f2d18f557ee1bfe94f71bb9fd439d1
    careers/txt/phrase1: f767ebf2434714ea946231d67773240c
    press/main-title: a476d63abc9810a3982b7879e70a5541
    press/main-description: 86ad6ab335bb4198a75a42d314d07d43
    press/main-subtitle: 02e3455b87c65ed3629f8bae6d555e41
    press/main-subtitle-description: b6efd3863e60be6c85c7506848429e81
    press/boilerplate-title: c37e78d7fb2729ce5ff46aeec45ba328
    press/boilerplate-description: 30568396e8509d34a62904bcf20aa75b
    press/founding-title: 69eb5a08ab28bb7ddd6829b57a4f8f7a
    press/founding-description: 925f108e01170b91b343a9a6f8f459c6
    press/founding-op1: d37b657cce2f6f45a092cbf43a2e9d30
    press/founding-op2: 19bd9a189b003ccafacee5e7b875ee6d
    press/founding-op3: 32cec89fb0b682aedea3494ebd56aabf
    press/founding-op4: b0110a58eac39d9a914aa0d467304764
    press/founding-op5: f3ef4774c6d75ee9b3aacde980453c6d
    press/founding-op6: 4850453cee4e7bb23264a99ef9b3eb27
    press/founding-op7: 8ef4ce0826cc8c6b10100c5117d4fe9e
    press/founding-op8: c5f799ad8fd7caab0d6ea8b51570c9bf
    press/founding-credits: 2625476fed52589887d7058984ba06b1
    press/download-logo-title: c5a1b652b6d166a933d20c65c2935779
    press/download-logo-description: bb70c050a1e99dc079cc5d26e73acd79
    press/download-screenshots-title: 84c2209036f57dd0a0d57f316e4317f3
    press/download-screenshots-description: f335aa9360f5e2c8b0f746f682d33b53
    press/download-colors-title: 7b93b0583dd8b236bcc9fb66d46743b3
    press/download-colors-description: f335aa9360f5e2c8b0f746f682d33b53
    press/questions-title: dcd478397dc61871a3fffe6848899f49
    press/questions-description: 39358f0e2b930db802050ce684599fa6
    press/txt/download-full-set: 86e7f93ec86b18966610e9928226bf54
    press/txt/contact-press: 74b42dc892f8fb70bcd8c138f16f8838
    ethics/main-title: ebd3418094d4c199bd77ce9fbdbc9e68
    ethics/main-description: dd3868041213dfa193220f91eba4219d
    ethics/eco-friend-title: a8671874d663e8e9f957b47c4f9c6d63
    ethics/eco-friend-description: 430f85c845fc2d8beedbbe20bd214733
    ethics/lower-carbon-title: fbc5da519a3e594f30c185c75d547fa6
    ethics/lower-carbon-description: 9026e529eff8a47e5f3ab3042751cac9
    ethics/social-responsibility-title: b5d8dcb31b177b7695be4e61f56fc87b
    ethics/social-responsibility-description: 614a873e13e241b9ef84d5f11c54ae2f
    ethics/belief-philosophy-title: 07a62f1d4bd15b1b82266078061c953e
    ethics/belief-philosophy-description: 6b7fa203ddee7a588213d79dbb53f0f0
    ethics/clean-conscientious-title: 98016035a6f04f7a1fb00c39314a648e
    ethics/clean-conscientious-description: bfa05b09cf626c50c7b0f6751fc9c08b
    ethics/political-neutrality-title: f16a9dc563ea66f02d4996cca7a3a207
    ethics/political-neutrality-description: f96573ed9502e5c202469c5768c24ebb
    ethics/honest-tax-title: 08ef782ebf159ffdb416db9feff4ba50
    ethics/honest-tax-description: ee7ea4dc7cb5368dd2dd0584c9777e9b
    ethics/txt/invest-change: 1fdc2b11c8610f59a1af8b29f6623272
    bsa/main-title: 309de66eeabe7da6151a86b81f003feb
    bsa/policy-title: 9ac0297ded1eccf70380bb2b0a47d5cd
    bsa/policy-description: 071308ce1264f2868f68287c14186ca5
    bsa/compliance-title: 41778aa1e6d7ba7a13d911ae5d98d139
    bsa/compliance-description: 20cd9be935a8727202062857724dbd42
    bsa/checking-office-title: 5aacb65a211b6f0f41f0d605c1c18f0d
    bsa/checking-office-description: bb6180acea60acf6f88bbe3995123af1
    bsa/customer-identification-title: 080db0ef5d1faafb1df2b8b31be7635c
    bsa/customer-identification-description: 5e5b39af4ea39d37305797e465bfa789
    bsa/customer-due-title: 36c858a1a61ef091be3088010702628e
    bsa/customer-due-description: c5c1063601673345aa3c1e4a56059cfc
    bsa/customer-due-op1-title: c959179622b6859d8c55bb2a601311c8
    bsa/customer-due-op2-title: 6b13c8610c419ecd2ffcdce197f76c8c
    bsa/customer-due-op3-title: a315eb031998519b801893735725b11c
    bsa/customer-due-op4-title: 5f30fec9de28bb77976dc7860ae129f0
    bsa/customer-due-op5-title: 09fd157d9bc51dce7cb22731a262658c
    bsa/customer-due-op6-title: 953a5f4c3f76b5910207a04948f6b46c
    bsa/customer-due-op7-title: 31ac88f251a836275144446e2e5775fb
    bsa/customer-due-note: 69eeeb5b58eba23c75e4a60178420326
    bsa/monitoring-accounts-title: f3443ee8e2a3639305e1954a78509413
    bsa/monitoring-accounts-description: e1ded44144561b20785e36ddc2d7a028
    bsa/suspicious-activity-title: adb6284f22258519fca9cf30aef44034
    bsa/suspicious-activity-description: 362bd2687a4a7833781df467890bf223
    bsa/aml-title: c6b9fccfd26feda7b259a30aae1821a6
    bsa/aml-description: 2f0881f1b3a5546f7090b14639df034e
    bsa/training-title: 3d18ef2136eca96bd6f4cae8f75b2043
    bsa/training-description: d68a0c26bfc6ae47a2b8165be741bf00
    bsa/program-test-title: 0f43b840cf6174bfa7714050cfbe7986
    bsa/program-test-description: 6a905f6ef0d276fb01c6a7cd9fab81e9
    bsa/monitoring-title: d1785bdfd8026c44844f4213b52456b2
    bsa/monitoring-description: 004454c0945b5c360f5535d534f127bb
    fraud/main-title: 2f4d6bea87d1c421d6e32c2c8209e272
    fraud/main-description: a427a742255c3d70afccbbf6b2a0c028
    fraud/how-protect-users-title: f9e291c545fc1956bd9f5d0918110b89
    fraud/how-protect-users-op1-title: c7deb9b53cbb07ef435cacc7e532f69a
    fraud/how-protect-users-op1-description: 6fcd966ceac5849aa70d5ecc7c775b5a
    fraud/how-protect-users-op2-title: da8cf176af7887d9a5c1bc37761c8cf5
    fraud/how-protect-users-op2-description: 4f9fd158e13b1500c277dd2592b3c245
    fraud/how-protect-users-op3-title: ea8bff0cebc7a4f298321762428758db
    fraud/how-protect-users-op3-description: b5199491fd0c029967e4ce05160599f7
    fraud/how-protect-users-op4-title: 00fe87dbf7441c9442f8deba459b209a
    fraud/how-protect-users-op4-description: 239e8f536c1bad12cef6d74efad52e3a
    fraud/how-protect-users-op5-title: 99eb2e3e119a6303d495faf7eb9683e8
    fraud/how-protect-users-op5-description: e4fa86b24d173da9c0e50780362b24c8
    fraud/how-protect-users-op6-title: 70097689f7c2d4eef1cb3360cf0a0d67
    fraud/how-protect-users-op6-description: 1ff25aeb94e82313a389ca8fb089858d
    fraud/how-protect-users-op7-title: 3fa50cabb37ee8c9e8d9800931626ba8
    fraud/how-protect-users-op7-description: d7d9ace1a9a15d121a2d76b767b807ad
    fraud/how-protect-yourself-title: e00032f79dd653e6dcde935e36ae7290
    fraud/how-protect-yourself-description: 1ea472a88ade07c792bf811d8736bba8
    fraud/how-protect-yourself-op1-title: 10f0c8887a68f89f92217983b0bf5b4a
    fraud/how-protect-yourself-op2-title: 69b80af9519cf9face806411ddebaab1
    fraud/how-protect-yourself-op3-title: 3fb928aa1f52deec5837a363636f057a
    fraud/how-protect-yourself-op4-title: 00b0271b33225af0c85a5ce8a2e3bbc3
    fraud/support-team-title: 6e771e5a5d157dba4d1deccbfec4cbcd
    fraud/support-team-op1-title: b2bb4d62f2fe7bd71a857ede2e253aa5
    fraud/support-team-op2-title: b359ff6f690b3d2b6aa82d9b2781d31f
    fraud/support-team-op3-title: 36103508d9f533dec75cdb6536c3091d
    fraud/support-team-op4-title: 0d3a2be2e659b2bd23f5995786da8f7c
    fraud/txt/protect-finances: 783c13239897c6ae81a93b347ee92c3f
    licenses/main-title: 67356536910aa6fec9fcb6e1f5f98ec2
    licenses/op1-title: 01033784ac6d942fb1c7d61bbe97d473
    licenses/op1-description: 0d05720814416046fad8b1f35875ed62
    licenses/op2-title: 045580723536a3e06a830b15e1103677
    licenses/op2-description: 144bf3a15dd13e8fcaefc3c0249f6cf5
    licenses/op3-title: 2676e7256bdd389b4a8cad6e233c04a3
    licenses/op3-description: bc0c85f0c2f8c124d253b6778dbc8856
    licenses/op4-title: 3d0876fb8b2eda10c0d420502dbaf16d
    licenses/op4-description: bf06e29682fd2b7e0b10afd38ffa2a66
    licenses/op5-title: 8ce46c05e996d8663fc30f3158e16230
    licenses/op5-description: 229214d33f817b650c5d37e5356975ae
    rev/main-title: 5fe74e4414f25118eb0e25ea390ddbb7
    rev/main-subtitle: 3d6f82e778157d00d0e12bb218f7a3dc
    rev/main-description: c80faf7955ed59399d59b78e2d373dc1
    rev/global-title: 5ac883bde4e2f109fb5c4ba7fd62a8cd
    rev/global-op1-title: 207031dec5ffee86d59159de15e58fd1
    rev/global-op1-description: c5f6b80cf11222e268f2eea2d2e31038
    rev/global-op2-title: da9ff4f66b2028455b9126036a53f293
    rev/global-op2-description: 14ad3c848119a3fb6f1b65daeeb837db
    rev/global-op3-title: 2ccd334cce64fa4cb7bd3714c6561ae1
    rev/global-op3-description: 7cb604e0335b0b87fb3ca38e89c5c31a
    rev/cards-title: f4972aff9b8c0cb594e0c640c6fd21ae
    rev/cards-description: 3227ef83de060704477a1bc2e071cfb8
    rev/expense-title: 4e778bce9170afbed3a01fdc71500db0
    rev/expense-description: a645e89ef2ddcf91255b3bc24552bef8
    rev/global-pay-title: c935e0cc60eed169079ff52c4ba38cb1
    rev/global-pay-description: b4c397fb1b1713e99c0911da7ed043d2
    rev/global-pay-in-title: 763183a39a7a746040dcb4cb1f01261b
    rev/global-pay-in-description: c8c9775f41cd3d86f79653b2d9eb6e73
    rev/accounts-title: 2c1824c4e1f02a4049d4cfc85738be55
    rev/accounts-description: 39305124468e62ae60653b9e923939ed
    rev/accounts-receivable-title: d194dd07906a225be20be9d19bed1a53
    rev/accounts-receivable-description: 39305124468e62ae60653b9e923939ed
    rev/accounts-card1-title: f759b177eb17e531f08b2ace972d7f75
    rev/accounts-card1-description: 6d343b59a9dc4ed9119f562a5afb85e8
    rev/accounts-card2-title: 9dfd957c3397d07c1a669142c2a828f0
    rev/accounts-card2-description: 52bb07e2ec8625c234bb5876bda9667b
    rev/accounts-card3-title: c2bde9837c7bcb0c592156110800ad01
    rev/accounts-card3-description: 0ffca11393e58b8384ddcba282e1e244
    rev/designed-title: 34e389f506997a1a0b9f902ba91696d6
    rev/designed-description: db48547a1995881cf91418470938cd62
    rev/footer-op1-title: a02f33d3e4532e09843b1b31d54a03bb
    rev/footer-op2-title: 8c70d3aee8fb57a61076622e7eabd1f0
    rev/footer-op3-title: 28c511d36627d9df97067c6c2fe0ce97
    rev/footer-op4-title: bfb794f98735bf31ddbe1777a456e3a9
    rev/footer-op5-title: f77f0af88f36fe9ef8281c3905349692
    rev/footer-op6-title: ef851cf0dff462cd122e9434528293ea
    rev/footer-op7-title: 8e9c97efef38b5e2c86d1caceea80b16
    rev/footer-op8-title: 86f081706323c52f98b9558cdfb12638
    rev/footer-op9-title: 1d77f46238674b5f4a1a11c4efd3226c
    rev/footer-op10-title: cf7bce9dd65c10aecaf53f77f51dcd4c
    rev/footer-op11-title: 024ce23342c5c8f526759371991fe390
    rev/txt/join-waitlist: 170dc60e8427e47999c00c4921364429
    terms/main-title: 5add91f519e39025708e54a7eb7a9fc5
    terms/introduction-title: 439cb79e8dfd7923d35b85cfbb6fd201
    terms/introduction-description: 8c8d1d0c9ac277c34e57f8f9f9432345
    terms/agreement-title: e3d1edf825fa533a45248810f953a571
    terms/agreement-description: 37689261fc213f5d71b54d4165dd825c
    terms/access-title: 334b6d72566c1cf1ec1a50c7701c7e4e
    terms/access-description: 814489aab0ab682d42d2047e94b5e964
    terms/products-title: 0c9d1731f6e2a61dbeb3a04dad420acb
    terms/products-description: 5b1633f2682a408db168517ec8fc54d3
    terms/products-op1-title: 67c9e26f5e69ce88accee710feb62d8c
    terms/products-op2-title: 34f37c0710f3dcee5a3fe4bf593c6183
    terms/products-op3-title: 36edb788b25b576b2a199c471133ef1b
    terms/products-op4-title: ab36cec920882919e33e9f5958fcdd51
    terms/products-op5-title: 7e93fc9f334119dc1fd2224637eec9a1
    terms/products-op6-title: 7adab0b60ffc9594e169e8c5c59cc3f3
    terms/products-op7-title: a72b1c3861c5676bf673a6352ca1ba40
    terms/products-op8-title: 1faff54adeae5ecfae0f1f0a8822db5b
    terms/products-op9-title: f32cceb7cb87931cf9cc8dca0d01dcc0
    terms/products-op10-title: b41360ccff9eb2ca08205523ed41d683
    terms/registration-title: 28c2cd9cc91ce851a65db5b85ba4c055
    terms/registration-description: fe65a0f6f022781dab2edc4070c3abc0
    terms/registration-op1-title: f9bd9ff3d9d1bad6506d7db61946dd05
    terms/registration-op2-title: 3eee685090f21871a394455f96edfb31
    terms/registration-op3-title: b157daea7ad42ec4c86cc588ee9872d1
    terms/registration-op4-title: 46c009010775c1729bf1f9b2e18fe001
    terms/registration-op5-title: 389b575fe55efe2783fa74eb525af437
    terms/registration-op6-title: 640f6c043c2b76886e9b65b23546bdf8
    terms/registration-op7-title: ee6b96d2f8f1d33f8899477ad0bab795
    terms/registration-final: 4778aa4cd2e16d517c3f9c96f31159c4
    terms/commercial-title: 8415f4d21d2616e6e276b243ddca523f
    terms/commercial-description: 7bf3ca91366f0ad72dd334c60b7e5e03
    terms/commercial-op1-title: 231da913c817d807c12e4d07a00a19dd
    terms/commercial-op2-title: ddd663bca7c2506f035189d66207afd7
    terms/commercial-op3-title: 434a0f979ec1616454ff539a5f3cff75
    terms/commercial-final: 15f4fe762508774a2eb3b6fe6ec1cce1
    terms/deposits-withdrawals-title: 1c5f1dcda058d6157e60698c848ddca7
    terms/deposits-title: 9518ad41e01682ba217001a93932bc1c
    terms/deposits-op1-title: 77b54e9de323a1f1209a338f705fb8b7
    terms/deposits-op2-title: 00d306a7706b6eac8e89e75e95d1306a
    terms/deposits-op3-title: 5716a179fa183f5b58f08bc6483d921f
    terms/withdrawals-title: 4f557c00affbc9ba31b380c6c9b39156
    terms/withdrawals-op1-title: 630cd9d0668423ce22846caa2578f616
    terms/withdrawals-op2-title: a53d9e54ac6d81ef79274c5db1ab12ed
    terms/transaction-title: 5c7b43fbe3cd1c586e4043bf7824e52a
    terms/transaction-description: dea4686a7dd8530a5f97ed5486ecdbb5
    terms/general-title: 449bc4b3fbf6570cc3d7d2e3057f85f9
    terms/general-description: 2141e1cb866aba9a6f32aac3114280fa
    terms/blockchain-title: ecc788985d6813b03fc1553e14709239
    terms/blockchain-op1-title: b209faaae7cdae2ffdf09cd004045b93
    terms/legal-title: 0ac5b9f35f6df06e0f7059c808c1dabe
    terms/legal-op1-title: af59f9d1a824c27834fdd95af3f328ab
    terms/legal-op2-title: 72d4f456eca2cbf8f697e1ae69c4617c
    terms/currency-title: 9c0660b8ccd44a904c8acf4dc7a51a7b
    terms/currency-op1-title: 24c203ea0e9b0229203d1f550801d5d1
    terms/investment-title: 17afa8b585b4750361e6727cd6e66d75
    terms/investment-op1-title: 9638f7efe6babc224d03a7b94de86832
    terms/investment-op2-title: 930aa7645c3a8d21444639121bfc4579
    terms/no-bank-title: df4329be212a020cfe39957711506b2f
    terms/no-bank-op1-title: bdd791cecc72bfb4d2f21dac1c28d57d
    terms/no-bank-op2-title: 31af2a50391e06c1b9bf7fdc05fa276d
    terms/no-bank-op3-title: 27e53287f066b335cd3b819e791299be
    terms/account-security-title: b425cdf570c39083fb53c6405ea60259
    terms/account-security-description: 95452a477ab0d804a736965ecc9efd66
    terms/your-use-website-title: c68af6185180afbdd02bfe3190a97c9a
    terms/your-use-website-op1-title: d7705b94421d27a2f3ee89c98e19e432
    terms/your-use-website-op2-title: 4dc7a51d3fe5c830d6bc28283537a112
    terms/your-use-website-op3-title: 5f072742aa78eac0966bbe0de1a4ffd0
    terms/your-use-website-op4-title: 7ca03225bfbedf36c53a846f7042eeda
    terms/your-use-website-op5-title: a6b03589e9240028a6c35e81bcf87ce9
    terms/your-use-website-op6-title: 8aeb8ede467305f5be1bde0ebb13766e
    terms/your-use-website-op7-title: ee304a89309d7cbc956a26296369fb9e
    terms/your-use-website-op8-title: ab1b6fcf78e718fb3ead6d6e539051c6
    terms/your-use-website-op9-title: 527bac5db236de62dbe34113acc825bd
    terms/your-use-website-op9-1-title: 96fab3d1d90d86666c2704079bf10359
    terms/your-use-website-op9-2-title: 868f85c97f17419c88f339dbde6d9dde
    terms/your-use-website-op9-3-title: 71b17843482f7c3d77a1bd007807dafa
    terms/your-use-website-op9-4-title: 47817c95b9427047618f16d554bc382c
    terms/your-use-website-op9-5-title: 7750138e7f2238d2a15947fa370ef140
    terms/your-use-website-op10-title: 790eab53fcab176b503fb43b66d21ef0
    terms/your-use-website-op11-title: 99f061b25ebc847260e978b11ed6df95
    terms/your-use-website-op12-title: 81d3b6eb94daebd07d2f037f38fa2701
    terms/your-use-website-op13-title: 25a148fe0f88003ce784b685d29e540d
    terms/your-use-website-op14-title: daeccb5618e03e04b59dc3536b5ffc77
    terms/your-use-website-op15-title: d5c8abefa99bbe9de680c2b0888def09
    terms/your-use-website-op16-title: 5b3e683103a9369d937ecb1f9aaa20b2
    terms/your-use-website-op17-title: fab1f2022ba03410a29dc65dc19c0555
    terms/representations-title: 6b7d15d18abc3046cc3d370bda5a6328
    terms/representations-description: dc01c43135ed3d671cbb16f7cb8e2cba
    terms/representations-op1-title: a242fc993c48a62f5c40f54274f90b99
    terms/representations-op2-title: 01dc251c75f0ae1b63ed83be99ad5034
    terms/representations-op3-title: c468e0d48e144475088753f93c774e15
    terms/representations-op4-title: c91ff1bfa1cda231eebad64cb98bc89e
    terms/representations-op5-title: 08327488cf96f2ac8c41cbf113ce62fa
    terms/representations-final: 8cb9c6e84a1a6d456b51a8a165e736cb
    terms/term_suspension/title: 6b89a02e9e94b615f0b70988ff50c7f8
    terms/term_suspension/description1: 21d3465cff7e3b5bccd0d4b30d01f4d8
    terms/term_suspension/description2: 0a68ed4b77f515b69829c1a092e1b2db
    terms/term_suspension/reasons/reason1: ba3029eb5820bb54ff6b3a6766c826ca
    terms/term_suspension/reasons/reason2: 351ecc0175586213cc1416898bf9919c
    terms/term_suspension/reasons/reason3: 9fc3e354215e11f54235a39f86faeb91
    terms/term_suspension/reasons/reason4: 698dc61d451e824a9f3aca45cd0d7420
    terms/term_suspension/reasons/reason5: b1dbedcad961930f0f516a2bc382eca4
    terms/term_suspension/reasons/reason6: c5238021a134152b969202007ccf1faa
    terms/term_suspension/reasons/reason7: fcc0d92bfa41c4866cb57d888ff99411
    terms/term_suspension/reasons/reason8: 5ed44e8e92ad6daeb0b47066a7336b47
    terms/term_suspension/reasons/reason9: 064252aa552ed99c43710154c54fb504
    terms/term_suspension/reasons/reason10: 351d207b94a4217576b6fc753ccbad88
    terms/term_suspension/reasons/reason11: 12e92ab383d6b9582aba43e9e7d84e61
    terms/term_suspension/description3: a046cea330b9eeecd445936ba135e6dd
    terms/modifications/title: 8d0c28083adaf338cc7ea07f3ba673a2
    terms/modifications/description: 2e4273cc7006548bada1a87064d6dbd6
    terms/ip_blocking/title: 33784336fa9d21a08d9a5cb218d246ec
    terms/ip_blocking/description: 43c084d15de614eaf8e2729ef689abce
    terms/content/title: 669b337031ef165af577f04f2b7fd54f
    terms/content/proprietary_rights/title: 1f43ca4e798a188f973e05ef471ec4c2
    terms/content/proprietary_rights/description: 5e21afb5e564d645db6c16a88674f94d
    terms/content/third_party/description: 22e11022d8a557db2339af1cd0fe3290
    terms/content/ownership/title: 9f771db9f6a885d8bc33323c97ffbae7
    terms/content/ownership/description1: 4bcae320137a306f9381cb513a129213
    terms/content/ownership/description2: b92c5816f02080fe9a66e3ff7336e29b
    terms/content/ownership/description3: c35daf1f055189f0e3e15c44d066fa09
    terms/restrictions/title: 363008595722de2b41b120a82003e2a3
    terms/restrictions/description: 3c62a9205bdbfa4a61e045ebbea946f6
    terms/copyright/title: 05f14da3aa2ba58e921fcf890e4f7d7e
    terms/copyright/description1: 1423aff878bcf3f3759844fc7097ebd0
    terms/copyright/description2: aa33016540cd83048c8c0e0b0fdc0710
    terms/copyright/address: 339ee197d0c86982c506c5ca11136b38
    terms/copyright/instruction: 00d1bafed70253b1cccc66e79600c88f
    terms/copyright/requirements/item1: a5405aa6a4b0cdd3e2b4fbff04eb227a
    terms/copyright/requirements/item2: d2756bc53f3e0719b74e42957c66c1ae
    terms/copyright/requirements/item3: bf4fa88a79a0a30f0f6e6b308e3a1d36
    terms/copyright/requirements/item4: 0a6ef176c07f5e540317af039727eedc
    terms/copyright/requirements/item5: fc07b7a559379420995762daf9d2c87d
    terms/copyright/requirements/item6: 28ec189ff1040af8ef44b1ef58c2656e
    terms/copyright/dmca_notice: 93ceb3d61a0d658a1be0aced6daf3a2e
    terms/liability_for_content/title: 04a61693a1dac1617a083020d41732e2
    terms/liability_for_content/description1: adb6f2ec11c893d9a0fadfc852ce59c6
    terms/liability_for_content/description2: 3e4c473967a41414a74c1dd9999adc6e
    terms/liability_for_content/description3: 2a61065714820eec190f9ae6f0a0afbe
    terms/repeat_infringers/title: d742350b6fd80037b6958a737f04953d
    terms/repeat_infringers/description1: fd637472f55a008ffce03a080ee5a737
    terms/repeat_infringers/description2: f95fbc3965526703a18a6e82de4dffc8
    terms/limitation_of_liability/title: 58f0c686364b97dbc56bb3e2149b95ad
    terms/limitation_of_liability/description1: abb047f2e3cfd90913f0d7188de42169
    terms/limitation_of_liability/description2: 6623be6bab558ee1bbd82052f9dfac3c
    terms/limitation_of_liability/description3: 57116079a3976f9d4025894f94b065b5
    terms/limitation_of_liability/description4: f70c92c8bd6d7b097a9c5c40d3abdbe5
    terms/indemnity_by_you/title: dbd7d5c81205ce874231b6218d3978c9
    terms/indemnity_by_you/description: 4e5f3fa3cc1d7f04563e4715a5e58990
    terms/indemnity_by_you/items/item1: 141bc37916083e4c647dd293782df637
    terms/indemnity_by_you/items/item2: 9c8a2d3973a72418bdc635879df73020
    terms/indemnity_by_you/items/item3: f1a18d031a36ef444671948bbebe3304
    terms/attorney_fees/title: e63ae8a96ec03949810a349907e47bb4
    terms/attorney_fees/description: cfbf4d9a5c1ef995e573b9b43acfda5a
    terms/parental_permission/title: b98f47b05433c00224aecdd6a5ebc702
    terms/parental_permission/description: 0a6fa7354b7d4bac45d6b55eae8d4433
    terms/privacy_policy/title: 7459744a63ef8af4e517a09024bd7c08
    terms/privacy_policy/description: ce1f175deea8ff8ef8edcd7491a6a102
    terms/privacy_policy/link_text: 20b3b8ea3dd21f963de46d7f5992f21a
    terms/jurisdiction/title: 614af23d9890ff5243b95e793de11c5d
    terms/jurisdiction/description: 7c0ceac714369f2ecdc5c0f9bb3518a0
    terms/arbitration/title: bf9c631ecb09f2cfbd3a8750bdc54a83
    terms/arbitration/description: bc1d86faa083c0f4f17e74333c8770eb
    terms/third_party_beneficiaries/title: 19c1ee34416884ebe0f6499e48028dbe
    terms/third_party_beneficiaries/description: 30011b17c18382d39e5680e84c3d3c10
    terms/entire_agreement/title: 7a52cfd3644eeace39d2ea44a9850157
    terms/entire_agreement/description: 26b5867069b6814a03b07e23224ce9ca
    terms/severability_waiver/title: 0fd591baa4bea235960c2f28abfe0b16
    terms/severability_waiver/description: 78989cfa6992124c713ac3cccddea325
    terms/contact/title: 9afa39bc47019ee6dec6c74b6273967c
    terms/contact/description: 97fd437e0a7c737ef49fb63fb6d6d58a
    terms/contact/email: 3d5a92aa53fd9b07e3d95ca3358598ee
    terms/contact/updated: cde28cddd71a00416b3f29c1b16b5440
    privacy/title: 7459744a63ef8af4e517a09024bd7c08
    privacy/intro: 0df24ede30a0aed0f003669f0621d098
    privacy/agreement: 0400dd5b31d769e277c140066c3ddf49
    privacy/infoCollectionTitle: c8895411f6cfb24b8f4f2e1478aa40c2
    privacy/infoCollectionIntro: 4c5f917148c70e0af55f143dbffb9183
    privacy/infoCollectionList/0/title: c33bf4464d8553cf1b59a91951cf8cc7
    privacy/infoCollectionList/0/description: 61540497cb00e9b451aac005b8dbf15d
    privacy/infoCollectionList/1/title: 1f6e3b883a155a6b7f489429858e4b0b
    privacy/infoCollectionList/1/description: d6fff4296a209bb93a707cf6d97300a0
    privacy/infoCollectionList/2/title: 76a4b51be40e6b7967de8937da853c0b
    privacy/infoCollectionList/2/description: 04a2e8d569adb635335a073cd4bbc219
    privacy/registrationInfoTitle: 92ed2e1a80e666e9da6c18218ff04e9d
    privacy/registrationInfoIntro: 9b8c5ef06f424ecf71df3411d6ecd8bc
    privacy/registrationInfoList/0: d9a233fafa8d9e9658f1143da07fd266
    privacy/registrationInfoList/1: a06371a90f5be2a0f4712d3a0ccd3842
    privacy/registrationInfoList/2: 4a451316d81fb5409f4a3513196b3532
    privacy/registrationInfoList/3: 2a1d8c51bd07310ea29347a89bfef38d
    privacy/registrationInfoList/4: 7ba4c6ed69a4b399feee22b4f287dafe
    privacy/registrationInfoList/5: f024252ad0408765534091b012d040cc
    privacy/registrationInfoList/6: 19cf6996755a3f8ba7722ac6194189d8
    privacy/registrationInfoList/7: 95d6896059ea6b058b74bc8a867fa753
    privacy/financialInfoTitle: ef0aae947f2e6d79a5c669a6f742df21
    privacy/financialInfoIntro: 5f4bf759426bb42d2c6d839ca420652c
    privacy/financialInfoList/0: 68966c86dc8d3e7b10e856751e7306e4
    privacy/financialInfoList/1: f572b3cc352904de16bd2389e1c84441
    privacy/financialInfoList/2: e5d686748e33a05a700b4d3d7c5ff06b
    privacy/financialInfoList/3: 0260ec23c4c6af636e35d82d8b963e7f
    privacy/employmentInfoTitle: 12e4f3fba8fc3b2c5aa4e68b41c027bb
    privacy/employmentInfoIntro: 958d93cefa9302a4c8a640f7459fabce
    privacy/employmentInfoList/0: 8e60b1984b356104bab0e825342ffa13
    privacy/employmentInfoList/1: a527622c68116dc749e224f2e5ac776b
    privacy/employmentInfoList/2: ae47254a4ae84c41b19df05da86a6ea6
    privacy/marketingInfoTitle: e7b6b3d590b14c57697bc6737f91a8af
    privacy/marketingInfoIntro: 47121e6995497ee00f9b5ece3cf9e92b
    privacy/marketingInfoList/0: 771410f98e47e20ed9916dc347a65b1a
    privacy/marketingInfoList/1: 68452704b52acc672f593fbf42d1a21c
    privacy/marketingInfoList/2: 0eb7fa999c5cbf7e18181cbdd5218552
    privacy/marketingInfoList/3: 069a2890b76e845e4a6eff80f45e3df8
    privacy/locationInfoTitle: 53fc244cb985806b345cdc525e076aa1
    privacy/locationInfoIntro: fb6391cde9f663b77d56605513a4db8f
    privacy/locationInfoList/0: 4584487c41d9136c833f55fcdc20cce4
    privacy/locationInfoList/1: 6c924d5fe52adb5d7de397200f8dec91
    privacy/locationInfoList/2: 6fc1291736289694fb1886bd452c5030
    privacy/locationInfoList/3: de40ddfbc88bb16a78b8dba39087d73e
    privacy/deviceInfoTitle: 8d6502ec634e69e1d6fc75639484d4a5
    privacy/deviceInfoIntro: d414f17db7181a6545b3f6e3533401b7
    privacy/deviceInfoList/0: 0568e5b646045bff92237182acb855ff
    privacy/deviceInfoList/1: ef2e4f32405cb1ee3e5997b09f378c12
    privacy/deviceInfoList/2: 6a29bc30b5ff3d467229194e697f3199
    privacy/deviceInfoList/3: 91f0375ba5e3ecd1578cea726954beca
    privacy/deviceInfoList/4: 6c8e6f4070a5a8291ecc3fa8c5a5f966
    privacy/deviceInfoList/5: 0cb3a033136783d319ca9315c486b63b
    privacy/deviceInfoList/6: 6887cfcde8c3451d2754412975c85381
    privacy/deviceInfoList/7: 5ec500a9a13e5907c41ec42aab8026a7
    privacy/deviceInfoList/8: 779ea7898e0de2bf9d13b689c4e5e64a
    privacy/deviceInfoList/9: 0a7baa6adf6d84083016f9f2a4fc5d43
    privacy/deviceInfoList/10: a1491de775dbf7f9c67116423dbdef0a
    privacy/deviceInfoList/11: 3d52e18662668cbc509546f461655a5f
    privacy/deviceInfoList/12: 91d61f67281391e4c24660e51210581b
    privacy/deviceInfoList/13: e0ddab1f51830ea5426e1cd3f7a6b743
    privacy/transactionInfoTitle: 49ef39dd044efc4bfb818f4ece811d74
    privacy/transactionInfoIntro: b2a67c5337dc48ffc8ce148c459dc8e5
    privacy/transactionInfoList/0: 0f567bef6a280da1b430e06714c06240
    privacy/transactionInfoList/1: 55bf56f3ab8fdbd7937d763ca2fcf59d
    privacy/transactionInfoList/2: cb66a2e529d83f9eeb4c22736eb3ca84
    privacy/transactionInfoList/3: da5e823005a10edcf3bbdcc7212ee001
    privacy/transactionInfoList/4: 532dac4002e5204d8da7b367cfb02e91
    privacy/transactionInfoList/5: 58e81cef6849d257757e13b7badde5c0
    privacy/transactionInfoList/6: b50f9e312efe0cd63fe53100f7705a4d
    privacy/transactionInfoList/7: 7455d18263dd66bc564b2e1a83985396
    privacy/thirdPartyInfoIntro: 4211ba73c3074cbe98474f907e92883a
    privacy/thirdPartyInfoList/0: 794290bb3919f85a9056578355f09b17
    privacy/thirdPartyInfoList/1: 901fc78e0ded0a7c7c4ecbe3cc22e760
    privacy/thirdPartyInfoList/2: fd24f7eeac5f57a1dfb717e8576b0aca
    privacy/thirdPartyInfoList/3: 075a4d6c61b7763291ec2d0c7b23be47
    privacy/thirdPartyInfoList/4: 124222dfdff6fec8b02836c4620fc4d3
    privacy/thirdPartyInfoList/5: 3c9464a485794273d0b35687ed429935
    privacy/thirdPartyInfoList/6: 281a8577fc294d1bf3d025f59cf17384
    privacy/aggregateInfoTitle: 1f8eeb7f9024aadcb058ee0f807a7918
    privacy/aggregateInfoIntro: 619d4a76c8b4d8ae90b235ed102bb111
    privacy/usageInfoTitle: 3a54c107888bc6e1cbd0bc9eceb0d079
    privacy/usageInfoIntro: 1d84ad3c2aca17e81a997d0128d56c5b
    privacy/usageInfoList/0: 79b939cfe78dc25b8ec2198856e02dc3
    privacy/usageInfoList/1: e0499c7297c22ee81f9968ab7a55c4ac
    privacy/usageInfoList/2: c663c8dd949a7bb890a3d295eccb5640
    privacy/usageInfoList/3: 86f9db6986c74955b3ab36d63c9d873c
    privacy/usageInfoList/4: de163ffdbd732f50dab17d42923b64ec
    privacy/usageInfoList/5: 0fbe9149dce304534ac49754f53da9d1
    privacy/nonPersonalInfoUsage: 2c00264b76c965bb26dcb56cf731f136
    privacy/disclosureInfoTitle: fc5553f553a0f05d6d2af171d8f62bc1
    privacy/disclosureInfoIntro: cd49cf1e8cb54c7420d0a5b89c1afcf8
    privacy/disclosureInfoList/0: f5e09953ce7f0aa921c0a65c1dd36d6f
    privacy/disclosureInfoList/1: f38d5d75bfbf64c6996c686eb92abce7
    privacy/disclosureInfoList/2: d1304090ae3459b28882834a35188576
    privacy/disclosureInfoList/3: 85a6a9fdacd78a6996f81b7aeb27f7cf
    privacy/disclosureInfoList/4: 9b8d04ad423f9a3b47bfb53686ccee5b
    privacy/disclosureInfoList/5: bd53d852531f59341762fcda2ef28a61
    privacy/transfersInfoTitle: ff5555ed6385cbb01c45c0f145f93799
    privacy/transfersInfoIntro: b4f47f59ecbc7af99c14ee55ce69ab97
    privacy/transfersInfoList/0: 4ad00928f0b0181f64f43ef2231fc638
    privacy/transfersInfo/adequateCountriesText: fc8050d847a67755b2d051583d98a1b0
    privacy/transfersInfo/nonAdequateTitle: 388d81f6d3566e8e9ee092458fe68b0f
    privacy/transfersInfo/nonAdequateText: 33ef12e5f6053d4d9db2dfb278c7f195
    privacy/transfersInfo/contactNote: 6cf913b83abf2251ba6544f40ec39f52
    privacy/rights/title: 585ec4c822474a8008a60649fc3fac56
    privacy/rights/intro: 40745d2fddf7d5de7c5047be04639355
    privacy/rights/list/0: 4cab81777a633d2580885eb66dea1456
    privacy/rights/list/1: 30f65a75cc667f45815c664c4647b88a
    privacy/rights/list/2: 6033ea88ba18a8ec2eeb49ce2a5f7f53
    privacy/rights/list/3: a0ad5d3b8d19a0fe961cbf885c0e5737
    privacy/rights/list/4: a40c3a25ef6fd853d2dbedaa36376ac6
    privacy/rights/list/5: 2fd2eb6d053d3029c333ae9845646e4e
    privacy/rights/exerciseNote: 92dd1071b6a8c25fc638edb68adb5ca6
    privacy/cookies/title: 13c46bb7dda3b5426383c6700ff51236
    privacy/cookies/intro: 2f68648dbac9f41228bba1458364b5a4
    privacy/cookies/deletionNote: 6d807ea2bfbf56c45c599dcf02089298
    privacy/analytics/title: 5e39a78b1ed1fcff244b8a43a0fc1843
    privacy/analytics/intro: 72ce50367733eaad5d0b0c626cad21ef
    privacy/analytics/dataCollection: 4f43ca3fd62abaab48059b56bb3a111c
    privacy/analytics/googleAnalytics: a895e1d79bfcfe9af71a810a47be919e
    privacy/analytics/cookieUsage: ef190b5ecc2158b3ffd1e54bc52dd2fd
    privacy/analytics/cookieInfo: adb4f86f8780b5413500aa185fc8cd64
    privacy/analytics/optOut: ac92bdf2ebad8305f3dd65a905b51aa6
    privacy/analytics/conversionTracking: 6ea0555efd128e86e0f099af2ad30eff
    privacy/communications/title: e6cc990096f5b494b6f7757b9d4be423
    privacy/communications/intro: 382a3faf353db363afb7f7f8ea753598
    privacy/communications/serviceConsent: 6c099d5be0d38b959bca64161e899edf
    privacy/communications/phoneConsent: 1dc6eb97aa8168dcebb357f40148b240
    privacy/communications/dataCharges: 54d6e4d458d09e3f4acb85ad04cbbe7b
    privacy/communications/materialUsage: 0826ca9d34b21e29caca25590384e4a3
    privacy/security/title: 4b34923fef858a2b9a4a914c3e822889
    privacy/security/description: b20f2e714d309d45d0023ce22c058ab0
    privacy/dataRetention/title: 6ac0f33e7744521be46f2529654be72f
    privacy/dataRetention/intro: ab0b2441f50876c977c1295e8efa2880
    privacy/dataRetention/list/0: 63831922d02370c51e365a4ce273eee2
    privacy/dataRetention/list/1: ad2d903d60524ea9e4d6908cb269eaf7
    privacy/children/title: 635f5931d6b2c9309d72b118de83e61a
    privacy/children/description: 2941b00a9006f309316a7e5fab26cccd
    privacy/otherServices/title: 05eeab7caa5bc3eb5a6d7a2d555a61e8
    privacy/otherServices/description: e4a331261aad75aeb024840e576def9d
    privacy/changes/title: 2be50cf1e04d35b23469be67577a650b
    privacy/changes/description: a745e35ac0339cd98ccd34eb20742c92
    privacy/optOut/title: 593c92b6024cc615a2627ee800a030bc
    privacy/optOut/description: 926946752afa695a7021e022f8f18f0b
    privacy/thirdParty/title: 69f6e2ee85a0a0e658a812e983c86406
    privacy/thirdParty/description: b9c025d0b4752098f0048369babee580
    privacy/contact/title: 9afa39bc47019ee6dec6c74b6273967c
    privacy/contact/description: ee4fcc64e1772fa92763c5f1913982c7
    privacy/effectiveDate/title: aab6741517742a24eb46f529ebb94bf6
    privacy/effectiveDate/description: 15c7751236388aa4a3b5181554322df1
